<Project xmlns="http://schemas.microsoft.com/developer/msbuild/2003">
  <PropertyGroup>
    <ProjectGuid>{f05032a3-ae2d-47b3-b655-390d052145f3}</ProjectGuid>
    <MainSource>DUnitTIOPFGui.dpr</MainSource>
    <Configuration Condition=" '$(Configuration)' == '' ">Debug</Configuration>
    <Platform Condition=" '$(Platform)' == '' ">AnyCPU</Platform>
    <DCC_DCCCompiler>DCC32</DCC_DCCCompiler>
    <DCC_DependencyCheckOutputName>..\..\_Bin\DUnitTIOPFGui.exe</DCC_DependencyCheckOutputName>
  </PropertyGroup>
  <PropertyGroup Condition=" '$(Configuration)|$(Platform)' == 'Release|AnyCPU' ">
    <Version>7.0</Version>
    <DCC_DebugInformation>False</DCC_DebugInformation>
    <DCC_LocalDebugSymbols>False</DCC_LocalDebugSymbols>
    <DCC_SymbolReferenceInfo>0</DCC_SymbolReferenceInfo>
    <DCC_ExeOutput>..\..\_Bin</DCC_ExeOutput>
    <DCC_DcuOutput>_Dcu</DCC_DcuOutput>
    <DCC_ObjOutput>_Dcu</DCC_ObjOutput>
    <DCC_HppOutput>_Dcu</DCC_HppOutput>
    <DCC_UnitSearchPath>..\..\Core;..\..\Options;..\..\GUI;..\Common;..\Tests;..\..\3rdParty\DUnit;..\..\3rdParty\Indy\Core;..\..\3rdParty\Indy\Protocols;..\..\3rdParty\Indy\System;..\..\3rdParty\JCL\common;..\..\3rdParty\JCL\windows;..\..\3rdParty\FastMM</DCC_UnitSearchPath>
    <DCC_ResourcePath>..\..\Core;..\..\Options;..\..\GUI;..\Common;..\Tests;..\..\3rdParty\DUnit;..\..\3rdParty\Indy\Core;..\..\3rdParty\Indy\Protocols;..\..\3rdParty\Indy\System;..\..\3rdParty\JCL\common;..\..\3rdParty\JCL\windows;..\..\3rdParty\FastMM</DCC_ResourcePath>
    <DCC_ObjPath>..\..\Core;..\..\Options;..\..\GUI;..\Common;..\Tests;..\..\3rdParty\DUnit;..\..\3rdParty\Indy\Core;..\..\3rdParty\Indy\Protocols;..\..\3rdParty\Indy\System;..\..\3rdParty\JCL\common;..\..\3rdParty\JCL\windows;..\..\3rdParty\FastMM</DCC_ObjPath>
    <DCC_IncludePath>..\..\Core;..\..\Options;..\..\GUI;..\Common;..\Tests;..\..\3rdParty\DUnit;..\..\3rdParty\Indy\Core;..\..\3rdParty\Indy\Protocols;..\..\3rdParty\Indy\System;..\..\3rdParty\JCL\common;..\..\3rdParty\JCL\windows;..\..\3rdParty\FastMM</DCC_IncludePath>
    <DCC_Define>OBJECT_TRACKING;FASTMM;USE_JEDI_JCL;LINK_XMLLIGHT;LINK_XML;LINK_CSV;LINK_TAB;LINK_BDEPARADOX;LINK_ADOACCESS;LINK_IBX;LINK_ADOSQLSERVERx;LINK_REMOTEx;LINK_DOAx;RELEASE</DCC_Define>
    <DCC_SYMBOL_DEPRECATED>False</DCC_SYMBOL_DEPRECATED>
    <DCC_SYMBOL_LIBRARY>False</DCC_SYMBOL_LIBRARY>
    <DCC_SYMBOL_PLATFORM>False</DCC_SYMBOL_PLATFORM>
    <DCC_UNIT_LIBRARY>False</DCC_UNIT_LIBRARY>
    <DCC_UNIT_PLATFORM>False</DCC_UNIT_PLATFORM>
    <DCC_UNIT_DEPRECATED>False</DCC_UNIT_DEPRECATED>
  </PropertyGroup>
  <PropertyGroup Condition=" '$(Configuration)|$(Platform)' == 'Debug|AnyCPU' ">
    <Version>7.0</Version>
    <DCC_ExeOutput>..\..\_Bin</DCC_ExeOutput>
    <DCC_DcuOutput>_Dcu</DCC_DcuOutput>
    <DCC_ObjOutput>_Dcu</DCC_ObjOutput>
    <DCC_HppOutput>_Dcu</DCC_HppOutput>
    <DCC_UnitSearchPath>..\..\Core;..\..\Options;..\..\GUI;..\Common;..\Tests;..\..\3rdParty\DUnit;..\..\3rdParty\Indy\Core;..\..\3rdParty\Indy\Protocols;..\..\3rdParty\Indy\System;..\..\3rdParty\JCL\common;..\..\3rdParty\JCL\windows;..\..\3rdParty\FastMM</DCC_UnitSearchPath>
    <DCC_ResourcePath>..\..\Core;..\..\Options;..\..\GUI;..\Common;..\Tests;..\..\3rdParty\DUnit;..\..\3rdParty\Indy\Core;..\..\3rdParty\Indy\Protocols;..\..\3rdParty\Indy\System;..\..\3rdParty\JCL\common;..\..\3rdParty\JCL\windows;..\..\3rdParty\FastMM</DCC_ResourcePath>
    <DCC_ObjPath>..\..\Core;..\..\Options;..\..\GUI;..\Common;..\Tests;..\..\3rdParty\DUnit;..\..\3rdParty\Indy\Core;..\..\3rdParty\Indy\Protocols;..\..\3rdParty\Indy\System;..\..\3rdParty\JCL\common;..\..\3rdParty\JCL\windows;..\..\3rdParty\FastMM</DCC_ObjPath>
    <DCC_IncludePath>..\..\Core;..\..\Options;..\..\GUI;..\Common;..\Tests;..\..\3rdParty\DUnit;..\..\3rdParty\Indy\Core;..\..\3rdParty\Indy\Protocols;..\..\3rdParty\Indy\System;..\..\3rdParty\JCL\common;..\..\3rdParty\JCL\windows;..\..\3rdParty\FastMM</DCC_IncludePath>
    <DCC_Define>OBJECT_TRACKING;FASTMM;USE_JEDI_JCL;LINK_XMLLIGHT;LINK_XML;LINK_CSV;LINK_TAB;LINK_BDEPARADOX;LINK_ADOACCESS;LINK_IBX;LINK_ADOSQLSERVERx;LINK_REMOTEx;LINK_DOAx;DEBUG;madExcept</DCC_Define>
    <DCC_SYMBOL_DEPRECATED>False</DCC_SYMBOL_DEPRECATED>
    <DCC_SYMBOL_LIBRARY>False</DCC_SYMBOL_LIBRARY>
    <DCC_SYMBOL_PLATFORM>False</DCC_SYMBOL_PLATFORM>
    <DCC_UNIT_LIBRARY>False</DCC_UNIT_LIBRARY>
    <DCC_UNIT_PLATFORM>False</DCC_UNIT_PLATFORM>
    <DCC_UNIT_DEPRECATED>False</DCC_UNIT_DEPRECATED>
    <DCC_MapFile>3</DCC_MapFile>
  </PropertyGroup>
  <ProjectExtensions>
    <Borland.Personality>Delphi.Personality</Borland.Personality>
    <Borland.ProjectType>VCLApplication</Borland.ProjectType>
    <BorlandProject>
<BorlandProject><Delphi.Personality><Parameters><Parameters Name="UseLauncher">False</Parameters><Parameters Name="LoadAllSymbols">True</Parameters><Parameters Name="LoadUnspecifiedSymbols">False</Parameters></Parameters><VersionInfo><VersionInfo Name="IncludeVerInfo">True</VersionInfo><VersionInfo Name="AutoIncBuild">False</VersionInfo><VersionInfo Name="MajorVer">0</VersionInfo><VersionInfo Name="MinorVer">0</VersionInfo><VersionInfo Name="Release">0</VersionInfo><VersionInfo Name="Build">0</VersionInfo><VersionInfo Name="Debug">False</VersionInfo><VersionInfo Name="PreRelease">False</VersionInfo><VersionInfo Name="Special">False</VersionInfo><VersionInfo Name="Private">False</VersionInfo><VersionInfo Name="DLL">False</VersionInfo><VersionInfo Name="Locale">1033</VersionInfo><VersionInfo Name="CodePage">1252</VersionInfo></VersionInfo><VersionInfoKeys><VersionInfoKeys Name="CompanyName"></VersionInfoKeys><VersionInfoKeys Name="FileDescription"></VersionInfoKeys><VersionInfoKeys Name="FileVersion">0.0.0.0</VersionInfoKeys><VersionInfoKeys Name="InternalName"></VersionInfoKeys><VersionInfoKeys Name="LegalCopyright"></VersionInfoKeys><VersionInfoKeys Name="LegalTrademarks"></VersionInfoKeys><VersionInfoKeys Name="OriginalFilename"></VersionInfoKeys><VersionInfoKeys Name="ProductName"></VersionInfoKeys><VersionInfoKeys Name="ProductVersion">1.0.0.0</VersionInfoKeys></VersionInfoKeys><Excluded_Packages>
      
      
      
      
      
      
      
      <Excluded_Packages Name="c:\program files\borland\bds\4.0\Bin\dcltee100.bpl">TeeChart Components</Excluded_Packages>
    </Excluded_Packages><Source><Source Name="MainSource">DUnitTIOPFGui.dpr</Source></Source></Delphi.Personality></BorlandProject></BorlandProject>
  </ProjectExtensions>
  <Import Project="$(MSBuildBinPath)\Borland.Delphi.Targets" />
  <ItemGroup>
    <DelphiCompile Include="DUnitTIOPFGui.dpr">
      <MainSource>MainSource</MainSource>
    </DelphiCompile>
    <DCCReference Include="..\Common\tiDUnitDependencies.pas" />
    <DCCReference Include="..\Common\tiPromptWhichPersistenceLayersToTest.pas" />
    <DCCReference Include="..\Tests\tiGUIUtils_TST.pas" />
  </ItemGroup>
</Project>