<?xml version="1.0"?>
<CONFIG>
  <ProjectOptions>
    <PathDelim Value="/"/>
    <Version Value="5"/>
    <General>
      <Flags>
        <SaveOnlyProjectUnits Value="True"/>
      </Flags>
      <SessionStorage Value="InProjectDir"/>
      <MainUnit Value="0"/>
      <IconPath Value="./"/>
      <TargetFileExt Value=".exe"/>
      <Title Value="fpcUnit TIOPF Gui"/>
    </General>
    <PublishOptions>
      <Version Value="2"/>
      <IncludeFileFilter Value="*.(pas|pp|inc|lfm|lpr|lrs|lpi|lpk|sh|xml)"/>
      <ExcludeFileFilter Value="*.(bak|ppu|ppw|o|so);*~;backup"/>
    </PublishOptions>
    <RunParams>
      <local>
        <FormatVersion Value="1"/>
        <LaunchingApplication PathPlusParams="/usr/X11R6/bin/xterm -T 'Lazarus Run Output' -e $(LazarusDir)/tools/runwait.sh $(TargetCmdLine)"/>
      </local>
    </RunParams>
    <RequiredPackages Count="4">
      <Item1>
        <PackageName Value="tiOPFGUI"/>
        <MinVersion Major="2" Valid="True"/>
      </Item1>
      <Item2>
        <PackageName Value="LCL"/>
      </Item2>
      <Item3>
        <PackageName Value="FPCUnitTestRunner"/>
      </Item3>
      <Item4>
        <PackageName Value="FCL"/>
      </Item4>
    </RequiredPackages>
    <Units Count="23">
      <Unit0>
        <Filename Value="fpcUnitTIOPFGui.lpr"/>
        <IsPartOfProject Value="True"/>
        <UnitName Value="fpcUnitTIOPFGui"/>
      </Unit0>
      <Unit1>
        <Filename Value="../Tests/tiBaseObject_TST.pas"/>
        <IsPartOfProject Value="True"/>
        <UnitName Value="tiBaseObject_TST"/>
      </Unit1>
      <Unit2>
        <Filename Value="../Common/tiTestFramework.pas"/>
        <IsPartOfProject Value="True"/>
        <UnitName Value="tiTestFramework"/>
      </Unit2>
      <Unit3>
        <Filename Value="../Common/tiOPFTestManager.pas"/>
        <IsPartOfProject Value="True"/>
        <UnitName Value="tiOPFTestManager"/>
      </Unit3>
      <Unit4>
        <Filename Value="../Common/tstPerFramework_BOM.pas"/>
        <IsPartOfProject Value="True"/>
        <UnitName Value="tstPerFramework_BOM"/>
      </Unit4>
      <Unit5>
        <Filename Value="../Common/tiDUnitUtils.pas"/>
        <IsPartOfProject Value="True"/>
        <UnitName Value="tiDUnitUtils"/>
      </Unit5>
      <Unit6>
        <Filename Value="../Common/tiDUnitDependencies.pas"/>
        <IsPartOfProject Value="True"/>
        <UnitName Value="tiDUnitDependencies"/>
      </Unit6>
      <Unit7>
        <Filename Value="../Common/tiDUnitINI.pas"/>
        <IsPartOfProject Value="True"/>
        <UnitName Value="tiDUnitINI"/>
      </Unit7>
      <Unit8>
        <Filename Value="../Common/tiPromptWhichPersistenceLayersToTest.pas"/>
        <IsPartOfProject Value="True"/>
        <UnitName Value="tiPromptWhichPersistenceLayersToTest"/>
      </Unit8>
      <Unit9>
        <Filename Value="../Tests/tiObject_TST.pas"/>
        <IsPartOfProject Value="True"/>
        <UnitName Value="tiObject_TST"/>
      </Unit9>
      <Unit10>
        <Filename Value="../Tests/tiCompress_TST.pas"/>
        <IsPartOfProject Value="True"/>
        <UnitName Value="tiCompress_TST"/>
      </Unit10>
      <Unit11>
        <Filename Value="../Tests/tiStreams_TST.pas"/>
        <IsPartOfProject Value="True"/>
        <UnitName Value="tiStreams_TST"/>
      </Unit11>
      <Unit12>
        <Filename Value="../Tests/tiQueue_TST.pas"/>
        <IsPartOfProject Value="True"/>
        <UnitName Value="tiQueue_TST"/>
      </Unit12>
      <Unit13>
        <Filename Value="../Tests/tiWin32_TST.pas"/>
        <IsPartOfProject Value="True"/>
        <UnitName Value="tiWin32_TST"/>
      </Unit13>
      <Unit14>
        <Filename Value="../Tests/tiDataSet_TST.pas"/>
        <IsPartOfProject Value="True"/>
        <UnitName Value="tiDataSet_TST"/>
      </Unit14>
      <Unit15>
        <Filename Value="../Tests/tiQuery_TST.pas"/>
        <IsPartOfProject Value="True"/>
        <UnitName Value="tiQuery_TST"/>
      </Unit15>
      <Unit16>
        <Filename Value="../Tests/tiQuerySQL_TST.pas"/>
        <IsPartOfProject Value="True"/>
        <UnitName Value="tiQuerySQL_TST"/>
      </Unit16>
      <Unit17>
        <Filename Value="../Tests/tiSyncObjs_TST.pas"/>
        <IsPartOfProject Value="True"/>
        <UnitName Value="tiSyncObjs_TST"/>
      </Unit17>
      <Unit18>
        <Filename Value="../Tests/tiOPFCSV_TST.pas"/>
        <IsPartOfProject Value="True"/>
        <UnitName Value="tiOPFCSV_TST"/>
      </Unit18>
      <Unit19>
        <Filename Value="../Tests/tiClassToDBMap_TST.pas"/>
        <IsPartOfProject Value="True"/>
        <UnitName Value="tiClassToDBMap_TST"/>
      </Unit19>
      <Unit20>
        <Filename Value="../Tests/tiUtils_TST.pas"/>
        <IsPartOfProject Value="True"/>
        <UnitName Value="tiUtils_TST"/>
      </Unit20>
      <Unit21>
        <Filename Value="../Tests/tiRTTI_TST.pas"/>
        <IsPartOfProject Value="True"/>
        <UnitName Value="tiRTTI_TST"/>
      </Unit21>
      <Unit22>
        <Filename Value="../Tests/tiTokenLibrary_TST.pas"/>
        <IsPartOfProject Value="True"/>
        <UnitName Value="tiTokenLibrary_TST"/>
      </Unit22>
    </Units>
  </ProjectOptions>
  <CompilerOptions>
    <Version Value="5"/>
    <Target>
      <Filename Value="fpcUnitTIOPFGui"/>
    </Target>
    <SearchPaths>
      <IncludeFiles Value="../../Core/"/>
      <OtherUnitFiles Value="../Common/;../Tests/;../GUI/"/>
    </SearchPaths>
    <Parsing>
      <SyntaxOptions>
        <IncludeAssertionCode Value="True"/>
        <AllowLabel Value="False"/>
      </SyntaxOptions>
    </Parsing>
    <CodeGeneration>
      <Generate Value="Faster"/>
    </CodeGeneration>
    <Other>
      <CustomOptions Value="-FU_Dcu
-dUseCThreads
-dLINK_FBL
-dLINK_TAB
-dLINK_CSV
-dLINK_XMLLIGHT
-dLINK_ZEOS_FB15x
"/>
      <CompilerPath Value="$(CompPath)"/>
    </Other>
  </CompilerOptions>
</CONFIG>
