<?xml version="1.0"?>
<CONFIG>
  <ProjectOptions>
    <Version Value="9"/>
    <General>
      <Flags>
        <MainUnitHasCreateFormStatements Value="False"/>
        <MainUnitHasTitleStatement Value="False"/>
      </Flags>
      <MainUnit Value="0"/>
      <UseAppBundle Value="False"/>
      <ActiveWindowIndexAtStart Value="0"/>
    </General>
    <i18n>
      <EnableI18N LFM="False"/>
    </i18n>
    <VersionInfo>
      <StringTable ProductVersion=""/>
    </VersionInfo>
    <PublishOptions>
      <Version Value="2"/>
      <IncludeFileFilter Value="*.(pas|pp|inc|lfm|lpr|lrs|lpi|lpk|sh|xml)"/>
      <ExcludeFileFilter Value="*.(bak|ppu|ppw|o|so);*~;backup"/>
    </PublishOptions>
    <RunParams>
      <local>
        <FormatVersion Value="1"/>
        <LaunchingApplication PathPlusParams="/usr/bin/xterm -T 'Lazarus Run Output' -e $(LazarusDir)/tools/runwait.sh $(TargetCmdLine)"/>
      </local>
    </RunParams>
    <RequiredPackages Count="2">
      <Item1>
        <PackageName Value="tiOPF"/>
      </Item1>
      <Item2>
        <PackageName Value="dunit2"/>
      </Item2>
    </RequiredPackages>
    <Units Count="72">
      <Unit0>
        <Filename Value="dunit2_fpc_textrunner.lpr"/>
        <IsPartOfProject Value="True"/>
        <UnitName Value="dunit2_fpc_textrunner"/>
        <EditorIndex Value="0"/>
        <WindowIndex Value="0"/>
        <TopLine Value="1"/>
        <CursorPos X="102" Y="4"/>
        <UsageCount Value="39"/>
        <Loaded Value="True"/>
      </Unit0>
      <Unit1>
        <Filename Value="textrunner.pas"/>
        <UnitName Value="textrunner"/>
        <WindowIndex Value="0"/>
        <TopLine Value="239"/>
        <CursorPos X="1" Y="273"/>
        <UsageCount Value="9"/>
      </Unit1>
      <Unit2>
        <Filename Value="DUnitTIOPFText.dpr"/>
        <UnitName Value="DUnitTIOPFText"/>
        <WindowIndex Value="0"/>
        <TopLine Value="3"/>
        <CursorPos X="5" Y="25"/>
        <UsageCount Value="9"/>
      </Unit2>
      <Unit3>
        <Filename Value="../Common/tiOPFTestManager.pas"/>
        <UnitName Value="tiOPFTestManager"/>
        <WindowIndex Value="0"/>
        <TopLine Value="247"/>
        <CursorPos X="10" Y="264"/>
        <UsageCount Value="9"/>
      </Unit3>
      <Unit4>
        <Filename Value="../Common/tiTextTestRunner.pas"/>
        <UnitName Value="tiTextTestRunner"/>
        <EditorIndex Value="2"/>
        <WindowIndex Value="0"/>
        <TopLine Value="128"/>
        <CursorPos X="34" Y="143"/>
        <UsageCount Value="18"/>
        <Loaded Value="True"/>
      </Unit4>
      <Unit5>
        <Filename Value="../../Core/tiDefines.inc"/>
        <WindowIndex Value="0"/>
        <TopLine Value="100"/>
        <CursorPos X="15" Y="127"/>
        <UsageCount Value="9"/>
      </Unit5>
      <Unit6>
        <Filename Value="/opt/git/dunit2/src/TestFrameworkProxyIfaces.pas"/>
        <UnitName Value="TestFrameworkProxyIfaces"/>
        <EditorIndex Value="3"/>
        <WindowIndex Value="0"/>
        <TopLine Value="176"/>
        <CursorPos X="15" Y="193"/>
        <UsageCount Value="11"/>
        <Loaded Value="True"/>
      </Unit6>
      <Unit7>
        <Filename Value="../../../Source/Core/tiConstants.pas"/>
        <UnitName Value="tiConstants"/>
        <WindowIndex Value="0"/>
        <TopLine Value="100"/>
        <CursorPos X="16" Y="94"/>
        <UsageCount Value="11"/>
      </Unit7>
      <Unit8>
        <Filename Value="../../../Source/Core/tiUtils.pas"/>
        <UnitName Value="tiUtils"/>
        <EditorIndex Value="5"/>
        <WindowIndex Value="0"/>
        <TopLine Value="2516"/>
        <CursorPos X="11" Y="2533"/>
        <UsageCount Value="11"/>
        <Loaded Value="True"/>
      </Unit8>
      <Unit9>
        <Filename Value="../Common/tiTestDependencies.pas"/>
        <UnitName Value="tiTestDependencies"/>
        <EditorIndex Value="1"/>
        <WindowIndex Value="0"/>
        <TopLine Value="154"/>
        <CursorPos X="23" Y="133"/>
        <UsageCount Value="19"/>
        <Loaded Value="True"/>
      </Unit9>
      <Unit10>
        <Filename Value="/opt/git/tiopf_src/UnitTests/Text/dunit2_fpc_textrunner.lpr"/>
        <UnitName Value="dunit2_fpc_textrunner"/>
        <WindowIndex Value="0"/>
        <TopLine Value="1"/>
        <CursorPos X="1" Y="23"/>
        <UsageCount Value="10"/>
      </Unit10>
      <Unit11>
        <Filename Value="/opt/git/tiopf_src/UnitTests/Common/tiTextTestRunner.pas"/>
        <UnitName Value="tiTextTestRunner"/>
        <WindowIndex Value="0"/>
        <TopLine Value="142"/>
        <CursorPos X="1" Y="162"/>
        <UsageCount Value="10"/>
      </Unit11>
      <Unit12>
        <Filename Value="/opt/git/dunit2/src/TestFrameworkProxy.pas"/>
        <UnitName Value="TestFrameworkProxy"/>
        <WindowIndex Value="0"/>
        <TopLine Value="424"/>
        <CursorPos X="24" Y="441"/>
        <UsageCount Value="10"/>
      </Unit12>
      <Unit13>
        <Filename Value="../../Core/tiUtils.pas"/>
        <UnitName Value="tiUtils"/>
        <WindowIndex Value="0"/>
        <TopLine Value="2245"/>
        <CursorPos X="1" Y="2263"/>
        <UsageCount Value="9"/>
      </Unit13>
      <Unit14>
        <Filename Value="/opt/git/tiopf_src/Core/tiUtils.pas"/>
        <UnitName Value="tiUtils"/>
        <WindowIndex Value="0"/>
        <TopLine Value="2245"/>
        <CursorPos X="1" Y="2263"/>
        <UsageCount Value="9"/>
      </Unit14>
      <Unit15>
        <Filename Value="/opt/git/tiopf_src/UnitTests/Tests/tiUtils_TST.pas"/>
        <UnitName Value="tiUtils_TST"/>
        <WindowIndex Value="0"/>
        <TopLine Value="2720"/>
        <CursorPos X="1" Y="2738"/>
        <UsageCount Value="9"/>
      </Unit15>
      <Unit16>
        <Filename Value="../Tests/tiStreams_TST.pas"/>
        <UnitName Value="tiStreams_TST"/>
        <WindowIndex Value="0"/>
        <TopLine Value="551"/>
        <CursorPos X="3" Y="537"/>
        <UsageCount Value="10"/>
      </Unit16>
      <Unit17>
        <Filename Value="../../../Source/Core/tiStreams.pas"/>
        <UnitName Value="tiStreams"/>
        <WindowIndex Value="0"/>
        <TopLine Value="578"/>
        <CursorPos X="47" Y="581"/>
        <UsageCount Value="10"/>
      </Unit17>
      <Unit18>
        <Filename Value="../Tests/tiTextParser_TST.pas"/>
        <UnitName Value="tiTextParser_TST"/>
        <WindowIndex Value="0"/>
        <TopLine Value="85"/>
        <CursorPos X="11" Y="69"/>
        <UsageCount Value="9"/>
      </Unit18>
      <Unit19>
        <Filename Value="../Tests/tiUtils_TST.pas"/>
        <UnitName Value="tiUtils_TST"/>
        <WindowIndex Value="0"/>
        <TopLine Value="3243"/>
        <CursorPos X="12" Y="3238"/>
        <UsageCount Value="12"/>
      </Unit19>
      <Unit20>
        <Filename Value="../Common/tiTestFramework.pas"/>
        <UnitName Value="tiTestFramework"/>
        <WindowIndex Value="0"/>
        <TopLine Value="1"/>
        <CursorPos X="11" Y="15"/>
        <UsageCount Value="10"/>
      </Unit20>
      <Unit21>
        <Filename Value="../Tests/tiLogToFile_TST.pas"/>
        <UnitName Value="tiLogToFile_TST"/>
        <WindowIndex Value="0"/>
        <TopLine Value="67"/>
        <CursorPos X="18" Y="87"/>
        <UsageCount Value="10"/>
      </Unit21>
      <Unit22>
        <Filename Value="../Tests/tiPersistenceLayers_TST.pas"/>
        <UnitName Value="tiPersistenceLayers_TST"/>
        <WindowIndex Value="0"/>
        <TopLine Value="1"/>
        <CursorPos X="11" Y="5"/>
        <UsageCount Value="11"/>
      </Unit22>
      <Unit23>
        <Filename Value="../Tests/tiQuery_TST.pas"/>
        <UnitName Value="tiQuery_TST"/>
        <WindowIndex Value="0"/>
        <TopLine Value="608"/>
        <CursorPos X="8" Y="614"/>
        <UsageCount Value="13"/>
      </Unit23>
      <Unit24>
        <Filename Value="../Common/tiOPFTestCase.pas"/>
        <UnitName Value="tiOPFTestCase"/>
        <WindowIndex Value="0"/>
        <TopLine Value="285"/>
        <CursorPos X="17" Y="298"/>
        <UsageCount Value="16"/>
      </Unit24>
      <Unit25>
        <Filename Value="/opt/git/tiopf_src/UnitTests/Tests/tiObject_TST.pas"/>
        <UnitName Value="tiObject_TST"/>
        <WindowIndex Value="0"/>
        <TopLine Value="2933"/>
        <CursorPos X="1" Y="2951"/>
        <UsageCount Value="9"/>
      </Unit25>
      <Unit26>
        <Filename Value="/opt/git/tiopf_src/UnitTests/Tests/tiQuery_TST.pas"/>
        <UnitName Value="tiQuery_TST"/>
        <WindowIndex Value="0"/>
        <TopLine Value="592"/>
        <CursorPos X="1" Y="614"/>
        <UsageCount Value="10"/>
      </Unit26>
      <Unit27>
        <Filename Value="/opt/git/tiopf_src/Options/tiXML.pas"/>
        <UnitName Value="tiXML"/>
        <WindowIndex Value="0"/>
        <TopLine Value="1"/>
        <CursorPos X="8" Y="8"/>
        <UsageCount Value="9"/>
      </Unit27>
      <Unit28>
        <Filename Value="../../../Source/Core/tiRTTI.pas"/>
        <UnitName Value="tiRTTI"/>
        <WindowIndex Value="0"/>
        <TopLine Value="510"/>
        <CursorPos X="8" Y="514"/>
        <UsageCount Value="9"/>
      </Unit28>
      <Unit29>
        <Filename Value="../../../Source/Core/tiObject.pas"/>
        <UnitName Value="tiObject"/>
        <WindowIndex Value="0"/>
        <TopLine Value="2065"/>
        <CursorPos X="24" Y="2083"/>
        <UsageCount Value="9"/>
      </Unit29>
      <Unit30>
        <Filename Value="../Tests/tiOID_TST.pas"/>
        <UnitName Value="tiOID_TST"/>
        <WindowIndex Value="0"/>
        <TopLine Value="969"/>
        <CursorPos X="98" Y="994"/>
        <UsageCount Value="13"/>
      </Unit30>
      <Unit31>
        <Filename Value="../../../Source/Core/tiPersistenceLayers.pas"/>
        <UnitName Value="tiPersistenceLayers"/>
        <WindowIndex Value="0"/>
        <TopLine Value="124"/>
        <CursorPos X="31" Y="141"/>
        <UsageCount Value="9"/>
      </Unit31>
      <Unit32>
        <Filename Value="/opt/git/dunit2/src/TextTestRunner.pas"/>
        <UnitName Value="TextTestRunner"/>
        <WindowIndex Value="0"/>
        <TopLine Value="8"/>
        <CursorPos X="3" Y="135"/>
        <UsageCount Value="10"/>
      </Unit32>
      <Unit33>
        <Filename Value="textprogressrunner.pas"/>
        <IsPartOfProject Value="True"/>
        <UnitName Value="textprogressrunner"/>
        <WindowIndex Value="0"/>
        <TopLine Value="49"/>
        <CursorPos X="64" Y="58"/>
        <UsageCount Value="35"/>
      </Unit33>
      <Unit34>
        <Filename Value="../../Core/tiDBConnectionPool.pas"/>
        <UnitName Value="tiDBConnectionPool"/>
        <WindowIndex Value="0"/>
        <TopLine Value="68"/>
        <CursorPos X="17" Y="69"/>
        <UsageCount Value="12"/>
      </Unit34>
      <Unit35>
        <Filename Value="../Tests/tiOPFADOAccess_TST.pas"/>
        <UnitName Value="tiOPFADOAccess_TST"/>
        <WindowIndex Value="0"/>
        <TopLine Value="28"/>
        <CursorPos X="15" Y="67"/>
        <UsageCount Value="12"/>
      </Unit35>
      <Unit36>
        <Filename Value="../Tests/tiOPFSQLDB_IB_TST.pas"/>
        <UnitName Value="tiOPFSQLDB_IB_TST"/>
        <EditorIndex Value="6"/>
        <WindowIndex Value="0"/>
        <TopLine Value="179"/>
        <CursorPos X="1" Y="184"/>
        <UsageCount Value="16"/>
        <Loaded Value="True"/>
      </Unit36>
      <Unit37>
        <Filename Value="../Common/tiPromptWhichPersistenceLayersToTest.pas"/>
        <UnitName Value="tiPromptWhichPersistenceLayersToTest"/>
        <WindowIndex Value="0"/>
        <TopLine Value="186"/>
        <CursorPos X="14" Y="204"/>
        <UsageCount Value="12"/>
      </Unit37>
      <Unit38>
        <Filename Value="../Tests/tiOPFSQLDB_PQ_TST.pas"/>
        <UnitName Value="tiOPFSQLDB_PQ_TST"/>
        <WindowIndex Value="0"/>
        <TopLine Value="187"/>
        <CursorPos X="11" Y="219"/>
        <UsageCount Value="12"/>
      </Unit38>
      <Unit39>
        <Filename Value="../Common/tiFPCUnitUtils.pas"/>
        <UnitName Value="tiFPCUnitUtils"/>
        <WindowIndex Value="0"/>
        <TopLine Value="1"/>
        <CursorPos X="1" Y="1"/>
        <UsageCount Value="10"/>
      </Unit39>
      <Unit40>
        <Filename Value="../Tests/tiOPFCSV_TST.pas"/>
        <UnitName Value="tiOPFCSV_TST"/>
        <WindowIndex Value="0"/>
        <TopLine Value="61"/>
        <CursorPos X="12" Y="57"/>
        <UsageCount Value="12"/>
      </Unit40>
      <Unit41>
        <Filename Value="../Tests/tiBaseMediator_TST.pas"/>
        <UnitName Value="tiBaseMediator_TST"/>
        <WindowIndex Value="0"/>
        <TopLine Value="319"/>
        <CursorPos X="11" Y="341"/>
        <UsageCount Value="12"/>
      </Unit41>
      <Unit42>
        <Filename Value="../Tests/tiOPFFBL_TST.pas"/>
        <UnitName Value="tiOPFFBL_TST"/>
        <WindowIndex Value="0"/>
        <TopLine Value="24"/>
        <CursorPos X="1" Y="42"/>
        <UsageCount Value="12"/>
      </Unit42>
      <Unit43>
        <Filename Value="../Tests/tiOPFFIBP_TST.pas"/>
        <UnitName Value="tiOPFFIBP_TST"/>
        <WindowIndex Value="0"/>
        <TopLine Value="43"/>
        <CursorPos X="11" Y="60"/>
        <UsageCount Value="12"/>
      </Unit43>
      <Unit44>
        <Filename Value="../Tests/tiOPFAsqlite3_TST.pas"/>
        <UnitName Value="tiOPFAsqlite3_TST"/>
        <WindowIndex Value="0"/>
        <TopLine Value="68"/>
        <CursorPos X="12" Y="64"/>
        <UsageCount Value="9"/>
      </Unit44>
      <Unit45>
        <Filename Value="../Tests/tiOPFBDEParadox_TST.pas"/>
        <UnitName Value="tiOPFBDEParadox_TST"/>
        <WindowIndex Value="0"/>
        <TopLine Value="55"/>
        <CursorPos X="12" Y="73"/>
        <UsageCount Value="9"/>
      </Unit45>
      <Unit46>
        <Filename Value="../Tests/tiQuerySQL_TST.pas"/>
        <UnitName Value="tiQuerySQL_TST"/>
        <WindowIndex Value="0"/>
        <TopLine Value="12"/>
        <CursorPos X="38" Y="16"/>
        <UsageCount Value="14"/>
      </Unit46>
      <Unit47>
        <Filename Value="../Tests/tiEncrypt_TST.pas"/>
        <UnitName Value="tiEncrypt_TST"/>
        <WindowIndex Value="0"/>
        <TopLine Value="194"/>
        <CursorPos X="49" Y="177"/>
        <UsageCount Value="10"/>
      </Unit47>
      <Unit48>
        <Filename Value="../Tests/tiCriteria_TST.pas"/>
        <UnitName Value="tiCriteria_TST"/>
        <WindowIndex Value="0"/>
        <TopLine Value="651"/>
        <CursorPos X="16" Y="648"/>
        <UsageCount Value="10"/>
      </Unit48>
      <Unit49>
        <Filename Value="../Tests/tiObject_TST.pas"/>
        <UnitName Value="tiObject_TST"/>
        <WindowIndex Value="0"/>
        <TopLine Value="2774"/>
        <CursorPos X="13" Y="2791"/>
        <UsageCount Value="12"/>
      </Unit49>
      <Unit50>
        <Filename Value="../Tests/tiRTTI_TST.pas"/>
        <UnitName Value="tiRTTI_TST"/>
        <WindowIndex Value="0"/>
        <TopLine Value="107"/>
        <CursorPos X="75" Y="114"/>
        <UsageCount Value="12"/>
      </Unit50>
      <Unit51>
        <Filename Value="../../../Source/Core/tiQuery.pas"/>
        <UnitName Value="tiQuery"/>
        <WindowIndex Value="0"/>
        <TopLine Value="781"/>
        <CursorPos X="3" Y="784"/>
        <UsageCount Value="12"/>
      </Unit51>
      <Unit52>
        <Filename Value="../../Options/tiQueryZeosAbs.pas"/>
        <UnitName Value="tiQueryZeosAbs"/>
        <WindowIndex Value="0"/>
        <TopLine Value="390"/>
        <CursorPos X="40" Y="409"/>
        <UsageCount Value="10"/>
      </Unit52>
      <Unit53>
        <Filename Value="../../Quarantine/tiRtfReport/tiRtfParser.pas"/>
        <UnitName Value="tiRtfParser"/>
        <WindowIndex Value="0"/>
        <TopLine Value="2748"/>
        <CursorPos X="26" Y="2766"/>
        <UsageCount Value="10"/>
      </Unit53>
      <Unit54>
        <Filename Value="../../Quarantine/FlashFiler/tiFlashFilerAbs.pas"/>
        <UnitName Value="tiFlashFilerAbs"/>
        <WindowIndex Value="0"/>
        <TopLine Value="101"/>
        <CursorPos X="21" Y="118"/>
        <UsageCount Value="10"/>
      </Unit54>
      <Unit55>
        <Filename Value="../../Options/tiQuerySqldb.pas"/>
        <UnitName Value="tiQuerySqldb"/>
        <WindowIndex Value="0"/>
        <TopLine Value="45"/>
        <CursorPos X="34" Y="59"/>
        <UsageCount Value="10"/>
      </Unit55>
      <Unit56>
        <Filename Value="../../Options/tiQuerySqldbIB.pas"/>
        <UnitName Value="tiQuerySqldbIB"/>
        <WindowIndex Value="0"/>
        <TopLine Value="110"/>
        <CursorPos X="9" Y="239"/>
        <UsageCount Value="10"/>
      </Unit56>
      <Unit57>
        <Filename Value="../../Options/tiQueryDataset.pas"/>
        <UnitName Value="tiQueryDataset"/>
        <WindowIndex Value="0"/>
        <TopLine Value="26"/>
        <CursorPos X="14" Y="87"/>
        <UsageCount Value="10"/>
      </Unit57>
      <Unit58>
        <Filename Value="/opt/fpc-2.4.3/src/packages/fcl-db/src/base/db.pas"/>
        <UnitName Value="db"/>
        <WindowIndex Value="0"/>
        <TopLine Value="96"/>
        <CursorPos X="56" Y="113"/>
        <UsageCount Value="10"/>
      </Unit58>
      <Unit59>
        <Filename Value="/opt/git/dunit2/src/TestFramework.pas"/>
        <UnitName Value="TestFramework"/>
        <WindowIndex Value="0"/>
        <TopLine Value="3002"/>
        <CursorPos X="1" Y="3019"/>
        <UsageCount Value="10"/>
      </Unit59>
      <Unit60>
        <Filename Value="/opt/git/tiopf_src/Options/tiQuerySqldb.pas"/>
        <UnitName Value="tiQuerySqldb"/>
        <WindowIndex Value="0"/>
        <TopLine Value="164"/>
        <CursorPos X="1" Y="182"/>
        <UsageCount Value="10"/>
      </Unit60>
      <Unit61>
        <Filename Value="/opt/git/tiopf_src/UnitTests/Tests/tiOID_TST.pas"/>
        <UnitName Value="tiOID_TST"/>
        <WindowIndex Value="0"/>
        <TopLine Value="976"/>
        <CursorPos X="1" Y="994"/>
        <UsageCount Value="10"/>
      </Unit61>
      <Unit62>
        <Filename Value="../Tests/tiAutoMap_TST.pas"/>
        <UnitName Value="tiAutoMap_TST"/>
        <WindowIndex Value="0"/>
        <TopLine Value="132"/>
        <CursorPos X="39" Y="149"/>
        <UsageCount Value="10"/>
      </Unit62>
      <Unit63>
        <Filename Value="/opt/git/dunit2/src/XMLListener.pas"/>
        <UnitName Value="XMLListener"/>
        <EditorIndex Value="4"/>
        <WindowIndex Value="0"/>
        <TopLine Value="471"/>
        <CursorPos X="1" Y="505"/>
        <UsageCount Value="12"/>
        <Loaded Value="True"/>
      </Unit63>
      <Unit64>
        <Filename Value="/opt/fpc-2.4.3/src/packages/fcl-xml/src/dom.pp"/>
        <UnitName Value="DOM"/>
        <WindowIndex Value="0"/>
        <TopLine Value="278"/>
        <CursorPos X="15" Y="285"/>
        <UsageCount Value="11"/>
      </Unit64>
      <Unit65>
        <Filename Value="/opt/git/dunit2/src/TestListenerIface.pas"/>
        <UnitName Value="TestListenerIface"/>
        <WindowIndex Value="0"/>
        <TopLine Value="51"/>
        <CursorPos X="15" Y="76"/>
        <UsageCount Value="10"/>
      </Unit65>
      <Unit66>
        <Filename Value="/opt/git/dunit2/src/GUITestRunner.pas"/>
        <UnitName Value="GUITestRunner"/>
        <WindowIndex Value="0"/>
        <TopLine Value="1788"/>
        <CursorPos X="18" Y="1806"/>
        <UsageCount Value="10"/>
      </Unit66>
      <Unit67>
        <Filename Value="/opt/fpc-2.4.3/src/packages/fcl-xml/src/xmlwrite.pp"/>
        <UnitName Value="XMLWrite"/>
        <WindowIndex Value="0"/>
        <TopLine Value="418"/>
        <CursorPos X="3" Y="420"/>
        <UsageCount Value="10"/>
      </Unit67>
      <Unit68>
        <Filename Value="/opt/fpc-2.4.3/src/rtl/objpas/sysutils/filutilh.inc"/>
        <WindowIndex Value="0"/>
        <TopLine Value="67"/>
        <CursorPos X="14" Y="84"/>
        <UsageCount Value="10"/>
      </Unit68>
      <Unit69>
        <Filename Value="../../../Source/Options/tiLogToConsole.pas"/>
        <UnitName Value="tiLogToConsole"/>
        <WindowIndex Value="0"/>
        <TopLine Value="46"/>
        <CursorPos X="1" Y="1"/>
        <UsageCount Value="10"/>
      </Unit69>
      <Unit70>
        <Filename Value="../../../Source/Options/tiTextParser.pas"/>
        <UnitName Value="tiTextParser"/>
        <IsVisibleTab Value="True"/>
        <EditorIndex Value="7"/>
        <WindowIndex Value="0"/>
        <TopLine Value="1"/>
        <CursorPos X="8" Y="15"/>
        <UsageCount Value="10"/>
        <Loaded Value="True"/>
      </Unit70>
      <Unit71>
        <Filename Value="../../Core/tiLogToConsole.pas"/>
        <UnitName Value="tiLogToConsole"/>
        <WindowIndex Value="0"/>
        <TopLine Value="1"/>
        <CursorPos X="1" Y="30"/>
        <UsageCount Value="10"/>
      </Unit71>
    </Units>
    <JumpHistory Count="17" HistoryIndex="16">
      <Position1>
        <Filename Value="../Common/tiTextTestRunner.pas"/>
        <Caret Line="122" Column="24" TopLine="104"/>
      </Position1>
      <Position2>
        <Filename Value="../Common/tiTextTestRunner.pas"/>
        <Caret Line="243" Column="55" TopLine="225"/>
      </Position2>
      <Position3>
        <Filename Value="../Common/tiTextTestRunner.pas"/>
        <Caret Line="284" Column="1" TopLine="256"/>
      </Position3>
      <Position4>
        <Filename Value="../Common/tiTextTestRunner.pas"/>
        <Caret Line="145" Column="1" TopLine="128"/>
      </Position4>
      <Position5>
        <Filename Value="../Common/tiTextTestRunner.pas"/>
        <Caret Line="149" Column="27" TopLine="128"/>
      </Position5>
      <Position6>
        <Filename Value="../Common/tiTextTestRunner.pas"/>
        <Caret Line="143" Column="36" TopLine="128"/>
      </Position6>
      <Position7>
        <Filename Value="../Common/tiTextTestRunner.pas"/>
        <Caret Line="149" Column="23" TopLine="128"/>
      </Position7>
      <Position8>
        <Filename Value="../Common/tiTextTestRunner.pas"/>
        <Caret Line="143" Column="34" TopLine="128"/>
      </Position8>
      <Position9>
        <Filename Value="/opt/git/dunit2/src/XMLListener.pas"/>
        <Caret Line="243" Column="21" TopLine="234"/>
      </Position9>
      <Position10>
        <Filename Value="/opt/git/dunit2/src/XMLListener.pas"/>
        <Caret Line="243" Column="23" TopLine="234"/>
      </Position10>
      <Position11>
        <Filename Value="/opt/git/dunit2/src/XMLListener.pas"/>
        <Caret Line="243" Column="12" TopLine="234"/>
      </Position11>
      <Position12>
        <Filename Value="/opt/git/dunit2/src/XMLListener.pas"/>
        <Caret Line="56" Column="50" TopLine="32"/>
      </Position12>
      <Position13>
        <Filename Value="../../../Source/Core/tiUtils.pas"/>
        <Caret Line="2780" Column="3" TopLine="2775"/>
      </Position13>
      <Position14>
        <Filename Value="../../../Source/Core/tiUtils.pas"/>
        <Caret Line="2530" Column="14" TopLine="2512"/>
      </Position14>
      <Position15>
        <Filename Value="../../../Source/Options/tiTextParser.pas"/>
        <Caret Line="1" Column="1" TopLine="1"/>
      </Position15>
      <Position16>
        <Filename Value="../../../Source/Options/tiTextParser.pas"/>
        <Caret Line="118" Column="57" TopLine="98"/>
      </Position16>
      <Position17>
        <Filename Value="../../../Source/Options/tiTextParser.pas"/>
        <Caret Line="238" Column="1" TopLine="204"/>
      </Position17>
    </JumpHistory>
  </ProjectOptions>
  <CompilerOptions>
    <Version Value="9"/>
    <Target>
      <Filename Value="dunit2_fpc_textrunner"/>
    </Target>
    <SearchPaths>
      <IncludeFiles Value="../../Core/"/>
      <OtherUnitFiles Value="../Common/;../Tests/"/>
      <UnitOutputDirectory Value="lib/$(TargetCPU)-$(TargetOS)"/>
    </SearchPaths>
    <Parsing>
      <SyntaxOptions>
        <CStyleOperator Value="False"/>
        <AllowLabel Value="False"/>
        <CPPInline Value="False"/>
      </SyntaxOptions>
    </Parsing>
    <CodeGeneration>
      <Optimizations>
        <OptimizationLevel Value="0"/>
      </Optimizations>
    </CodeGeneration>
    <Other>
      <CompilerMessages>
        <UseMsgFile Value="True"/>
      </CompilerMessages>
      <CustomOptions Value="-dDUNIT2
-dXMLLISTENER
-FU_Dcu
-dLINK_CSV
-dLINK_TAB
-dLINK_FBLx
-dLINK_SQLDB_IB
-dLINK_SQLDB_PQ
-dLINK_SQLDB_Oraclex
-dLINK_SQLDB_SQLLite3x
-dLINK_SQLDB_ODBCx
-dLINK_SQLDB_MySQL40x
-dLINK_SQLDB_MySQL41x
-dLINK_SQLDB_MySQL50x
-dLINK_XMLLIGHT
-dLINK_ZEOS_FB15x
-dUseCThreads"/>
      <CompilerPath Value="$(CompPath)"/>
    </Other>
  </CompilerOptions>
  <Debugging>
    <BreakPoints Count="1">
      <Item1>
        <Source Value="/opt/git/tiopf_src/UnitTests/Common/tiTextTestRunner.pas"/>
        <Line Value="219"/>
      </Item1>
    </BreakPoints>
    <Exceptions Count="4">
      <Item1>
        <Name Value="EAbort"/>
      </Item1>
      <Item2>
        <Name Value="ECodetoolError"/>
      </Item2>
      <Item3>
        <Name Value="EFOpenError"/>
      </Item3>
      <Item4>
        <Name Value="ETestFailure"/>
      </Item4>
    </Exceptions>
  </Debugging>
</CONFIG>
