<?xml version="1.0"?>
<CONFIG>
  <ProjectOptions>
    <PathDelim Value="/"/>
    <Version Value="6"/>
    <General>
      <Flags>
        <SaveOnlyProjectUnits Value="True"/>
      </Flags>
      <SessionStorage Value="InProjectDir"/>
      <MainUnit Value="0"/>
      <IconPath Value="./"/>
      <TargetFileExt Value=""/>
    </General>
    <VersionInfo>
      <ProjectVersion Value=""/>
    </VersionInfo>
    <PublishOptions>
      <Version Value="2"/>
      <IncludeFileFilter Value="*.(pas|pp|inc|lfm|lpr|lrs|lpi|lpk|sh|xml)"/>
      <ExcludeFileFilter Value="*.(bak|ppu|ppw|o|so);*~;backup"/>
    </PublishOptions>
    <RunParams>
      <local>
        <FormatVersion Value="1"/>
        <LaunchingApplication PathPlusParams="/usr/X11R6/bin/xterm -T 'Lazarus Run Output' -e $(LazarusDir)/tools/runwait.sh $(TargetCmdLine)"/>
      </local>
    </RunParams>
    <RequiredPackages Count="3">
      <Item1>
        <PackageName Value="FCL"/>
      </Item1>
      <Item2>
        <PackageName Value="FPCUnitConsoleRunner"/>
      </Item2>
      <Item3>
        <PackageName Value="tiOPF"/>
      </Item3>
    </RequiredPackages>
    <Units Count="14">
      <Unit0>
        <Filename Value="fpcunittiopftext.lpr"/>
        <IsPartOfProject Value="True"/>
        <UnitName Value="fpcunittiopftext"/>
      </Unit0>
      <Unit1>
        <Filename Value="TestCase1.pas"/>
        <IsPartOfProject Value="True"/>
        <UnitName Value="TestCase1"/>
      </Unit1>
      <Unit2>
        <Filename Value="../Common/tiDUnitDependencies.pas"/>
        <IsPartOfProject Value="True"/>
        <UnitName Value="tiDUnitDependencies"/>
      </Unit2>
      <Unit3>
        <Filename Value="D:/Programming/3rdParty/tiOPF2/Source/UnitTests/Tests/tiBaseObject_TST.pas"/>
        <IsPartOfProject Value="True"/>
        <UnitName Value="tiBaseObject_tst"/>
      </Unit3>
      <Unit4>
        <Filename Value="D:/Programming/3rdParty/tiOPF2/Source/UnitTests/Common/tiDUnitDependencies.pas"/>
        <IsPartOfProject Value="True"/>
        <UnitName Value="tiDUnitDependencies"/>
      </Unit4>
      <Unit5>
        <Filename Value="D:/Programming/3rdParty/tiOPF2/Source/UnitTests/Tests/tiVisitor_TST.pas"/>
        <IsPartOfProject Value="True"/>
        <UnitName Value="tiVisitor_TST"/>
      </Unit5>
      <Unit6>
        <Filename Value="D:/Programming/3rdParty/tiOPF2/Source/UnitTests/Tests/tiStreams_TST.pas"/>
        <IsPartOfProject Value="True"/>
        <UnitName Value="tiStreams_TST"/>
      </Unit6>
      <Unit7>
        <Filename Value="D:/Programming/3rdParty/tiOPF2/Source/UnitTests/Tests/tiPool_tst.pas"/>
        <IsPartOfProject Value="True"/>
        <UnitName Value="tiPool_tst"/>
      </Unit7>
      <Unit8>
        <Filename Value="D:/Programming/3rdParty/tiOPF2/Source/UnitTests/Tests/tiQueue_TST.pas"/>
        <IsPartOfProject Value="True"/>
        <UnitName Value="tiQueue_TST"/>
      </Unit8>
      <Unit9>
        <Filename Value="D:/Programming/3rdParty/tiOPF2/Source/UnitTests/Tests/tiOID_TST.pas"/>
        <IsPartOfProject Value="True"/>
        <UnitName Value="tiOID_TST"/>
      </Unit9>
      <Unit10>
        <Filename Value="D:/Programming/3rdParty/tiOPF2/Source/UnitTests/Tests/tiWin32_TST.pas"/>
        <IsPartOfProject Value="True"/>
        <UnitName Value="tiWin32_TST"/>
      </Unit10>
      <Unit11>
        <Filename Value="D:/Programming/3rdParty/tiOPF2/Source/UnitTests/Tests/tiDataSet_TST.pas"/>
        <IsPartOfProject Value="True"/>
        <UnitName Value="tiDataSet_TST"/>
      </Unit11>
      <Unit12>
        <Filename Value="D:/Programming/3rdParty/tiOPF2/Source/UnitTests/Tests/tiTextParser_TST.pas"/>
        <IsPartOfProject Value="True"/>
        <UnitName Value="tiTextParser_TST"/>
      </Unit12>
      <Unit13>
        <Filename Value="D:/Programming/3rdParty/tiOPF2/Source/UnitTests/Tests/tiTextParserStructCSV_TST.pas"/>
        <IsPartOfProject Value="True"/>
        <UnitName Value="tiTextParserStructCSV_TST"/>
      </Unit13>
    </Units>
  </ProjectOptions>
  <CompilerOptions>
    <Version Value="5"/>
    <Target>
      <Filename Value="fpcUnitTIOPFText.exe"/>
    </Target>
    <SearchPaths>
      <IncludeFiles Value="../../Core/"/>
      <OtherUnitFiles Value="../Common/;../Tests/"/>
    </SearchPaths>
    <CodeGeneration>
      <Generate Value="Faster"/>
    </CodeGeneration>
    <Other>
      <CustomOptions Value="-FU_Dcu
-dUseCThreads
-dLink_TAB
-dLink_CSV
-dLink_FBL
-dLink_XMLLIGHT
"/>
      <CompilerPath Value="$(CompPath)"/>
    </Other>
  </CompilerOptions>
</CONFIG>
