<?xml version="1.0"?>
<CONFIG>
  <ProjectOptions>
    <PathDelim Value="/"/>
    <Version Value="5"/>
    <General>
      <Flags>
        <SaveOnlyProjectUnits Value="True"/>
      </Flags>
      <SessionStorage Value="InProjectDir"/>
      <MainUnit Value="0"/>
      <IconPath Value="./"/>
      <TargetFileExt Value=""/>
    </General>
    <VersionInfo>
      <ProjectVersion Value=""/>
    </VersionInfo>
    <PublishOptions>
      <Version Value="2"/>
      <IncludeFileFilter Value="*.(pas|pp|inc|lfm|lpr|lrs|lpi|lpk|sh|xml)"/>
      <ExcludeFileFilter Value="*.(bak|ppu|ppw|o|so);*~;backup"/>
    </PublishOptions>
    <RunParams>
      <local>
        <FormatVersion Value="1"/>
        <LaunchingApplication PathPlusParams="/usr/X11R6/bin/xterm -T 'Lazarus Run Output' -e $(LazarusDir)/tools/runwait.sh $(TargetCmdLine)"/>
      </local>
    </RunParams>
    <RequiredPackages Count="4">
      <Item1>
        <PackageName Value="tiOPF"/>
      </Item1>
      <Item2>
        <PackageName Value="LCL"/>
      </Item2>
      <Item3>
        <PackageName Value="FPCUnitConsoleRunner"/>
      </Item3>
      <Item4>
        <PackageName Value="FCL"/>
      </Item4>
    </RequiredPackages>
    <Units Count="3">
      <Unit0>
        <Filename Value="fpcunittiopftext.lpr"/>
        <IsPartOfProject Value="True"/>
        <UnitName Value="fpcunittiopftext"/>
      </Unit0>
      <Unit1>
        <Filename Value="TestCase1.pas"/>
        <IsPartOfProject Value="True"/>
        <UnitName Value="TestCase1"/>
      </Unit1>
      <Unit2>
        <Filename Value="../Common/tiDUnitDependencies.pas"/>
        <IsPartOfProject Value="True"/>
        <UnitName Value="tiDUnitDependencies"/>
      </Unit2>
    </Units>
  </ProjectOptions>
  <CompilerOptions>
    <Version Value="5"/>
    <Target>
      <Filename Value="fpcUnitTIOPFText.exe"/>
    </Target>
    <SearchPaths>
      <IncludeFiles Value="../../Core/"/>
      <OtherUnitFiles Value="../Common/;../Tests/"/>
    </SearchPaths>
    <CodeGeneration>
      <Generate Value="Faster"/>
    </CodeGeneration>
    <Other>
      <CustomOptions Value="-FU_Dcu -dUseCThreads -dLink_FBL -dLink_TAB -dLink_CSV
"/>
      <CompilerPath Value="$(CompPath)"/>
    </Other>
  </CompilerOptions>
</CONFIG>
