<?xml version="1.0"?>
<CONFIG>
  <ProjectOptions>
    <Version Value="7"/>
    <General>
      <Flags>
        <SaveOnlyProjectUnits Value="True"/>
        <MainUnitHasUsesSectionForAllUnits Value="False"/>
        <AlwaysBuild Value="False"/>
      </Flags>
      <SessionStorage Value="InProjectDir"/>
      <MainUnit Value="0"/>
      <TargetFileExt Value=""/>
      <UseAppBundle Value="False"/>
    </General>
    <VersionInfo>
      <CurrentVersionNr Value="1"/>
      <ProjectVersion Value=""/>
      <FileDescription Value="FPCUnit text test runner for tiOPF project"/>
    </VersionInfo>
    <PublishOptions>
      <Version Value="2"/>
      <IgnoreBinaries Value="False"/>
      <IncludeFileFilter Value="*.(pas|pp|inc|lfm|lpr|lrs|lpi|lpk|sh|xml)"/>
      <ExcludeFileFilter Value="*.(bak|ppu|ppw|o|so);*~;backup"/>
    </PublishOptions>
    <RunParams>
      <local>
        <FormatVersion Value="1"/>
        <CommandLineParams Value="-p --suite=TtiObjectTestCase"/>
        <LaunchingApplication Use="True" PathPlusParams="/usr/X11R6/bin/xterm -T 'Lazarus Run Output' -e $(LazarusDir)/tools/runwait.sh $(TargetCmdLine)"/>
      </local>
    </RunParams>
    <RequiredPackages Count="1">
      <Item1>
        <PackageName Value="tiOPF"/>
      </Item1>
    </RequiredPackages>
    <Units Count="9">
      <Unit0>
        <Filename Value="textrunner.pas"/>
        <IsPartOfProject Value="True"/>
        <UnitName Value="textrunner"/>
      </Unit0>
      <Unit1>
        <Filename Value="../Common/tiTestDependencies.pas"/>
        <IsPartOfProject Value="True"/>
        <UnitName Value="tiTestDependencies"/>
      </Unit1>
      <Unit2>
        <Filename Value="../Common/tiOPFTestManager.pas"/>
        <IsPartOfProject Value="True"/>
        <UnitName Value="tiOPFTestManager"/>
      </Unit2>
      <Unit3>
        <Filename Value="../Common/tiDUnitINI.pas"/>
        <IsPartOfProject Value="True"/>
        <UnitName Value="tiDUnitINI"/>
      </Unit3>
      <Unit4>
        <Filename Value="../Tests/tiUtils_TST.pas"/>
        <IsPartOfProject Value="True"/>
        <UnitName Value="tiUtils_TST"/>
      </Unit4>
      <Unit5>
        <Filename Value="../Tests/tiObject_TST.pas"/>
        <IsPartOfProject Value="True"/>
        <UnitName Value="tiObject_TST"/>
      </Unit5>
      <Unit6>
        <Filename Value="../Tests/tiBaseObject_TST.pas"/>
        <IsPartOfProject Value="True"/>
        <UnitName Value="tiBaseObject_TST"/>
      </Unit6>
      <Unit7>
        <Filename Value="../Common/tiBOMsForTesting.pas"/>
        <IsPartOfProject Value="True"/>
        <UnitName Value="tiBOMsForTesting"/>
      </Unit7>
      <Unit8>
        <Filename Value="../Common/tiTestFramework.pas"/>
        <IsPartOfProject Value="True"/>
        <UnitName Value="tiTestFramework"/>
      </Unit8>
    </Units>
  </ProjectOptions>
  <CompilerOptions>
    <Version Value="8"/>
    <SearchPaths>
      <IncludeFiles Value="../../Core/;$(ProjOutDir)/"/>
      <OtherUnitFiles Value="../Common/;../Tests/"/>
    </SearchPaths>
    <Parsing>
      <SyntaxOptions>
        <CStyleOperator Value="False"/>
        <AllowLabel Value="False"/>
        <CPPInline Value="False"/>
      </SyntaxOptions>
    </Parsing>
    <Other>
      <CompilerMessages>
        <IgnoredMessages idx5024="True"/>
      </CompilerMessages>
      <CustomOptions Value="-FU_Dcu
"/>
      <CompilerPath Value="$(CompPath)"/>
    </Other>
  </CompilerOptions>
</CONFIG>
