	<Project xmlns="http://schemas.microsoft.com/developer/msbuild/2003">
		<PropertyGroup>
			<ProjectGuid>{69153c48-6f98-48d4-9a37-7496ba380e01}</ProjectGuid>
			<MainSource>DUnitAdrsBookGUI.dpr</MainSource>
			<Configuration Condition=" '$(Configuration)' == '' ">Debug</Configuration>
			<DCC_DCCCompiler>DCC32</DCC_DCCCompiler>
			<DCC_DependencyCheckOutputName>_Bin\DUnitAdrsBookGUI.exe</DCC_DependencyCheckOutputName>
			<ProjectVersion>13.4</ProjectVersion>
			<Config Condition="'$(Config)'==''">Debug</Config>
			<FrameworkType>VCL</FrameworkType>
			<Base>True</Base>
			<Platform Condition="'$(Platform)'==''">Win32</Platform>
			<TargetedPlatforms>1</TargetedPlatforms>
			<AppType>Application</AppType>
		</PropertyGroup>
		<PropertyGroup Condition="'$(Config)'=='Base' or '$(Base)'!=''">
			<Base>true</Base>
		</PropertyGroup>
		<PropertyGroup Condition="('$(Platform)'=='Win32' and '$(Base)'=='true') or '$(Base_Win32)'!=''">
			<Base_Win32>true</Base_Win32>
			<CfgParent>Base</CfgParent>
			<Base>true</Base>
		</PropertyGroup>
		<PropertyGroup Condition="'$(Config)'=='Release' or '$(Cfg_1)'!=''">
			<Cfg_1>true</Cfg_1>
			<CfgParent>Base</CfgParent>
			<Base>true</Base>
		</PropertyGroup>
		<PropertyGroup Condition="'$(Config)'=='Debug' or '$(Cfg_2)'!=''">
			<Cfg_2>true</Cfg_2>
			<CfgParent>Base</CfgParent>
			<Base>true</Base>
		</PropertyGroup>
		<PropertyGroup Condition="('$(Platform)'=='Win32' and '$(Cfg_2)'=='true') or '$(Cfg_2_Win32)'!=''">
			<Cfg_2_Win32>true</Cfg_2_Win32>
			<CfgParent>Cfg_2</CfgParent>
			<Cfg_2>true</Cfg_2>
			<Base>true</Base>
		</PropertyGroup>
		<PropertyGroup Condition="'$(Base)'!=''">
			<VerInfo_Keys>CompanyName=;FileDescription=;FileVersion=0.0.0.0;InternalName=;LegalCopyright=;LegalTrademarks=;OriginalFilename=;ProductName=;ProductVersion=1.0.0.0</VerInfo_Keys>
			<VerInfo_MajorVer>0</VerInfo_MajorVer>
			<VerInfo_IncludeVerInfo>true</VerInfo_IncludeVerInfo>
			<VerInfo_Locale>1033</VerInfo_Locale>
			<DCC_Namespace>Vcl;Vcl.Imaging;Vcl.Touch;Vcl.Samples;Vcl.Shell;System;Xml;Data;Datasnap;Web;Soap;$(DCC_Namespace)</DCC_Namespace>
			<Manifest_File>None</Manifest_File>
			<DCC_ExeOutput>_bin</DCC_ExeOutput>
			<DCC_Define>DUNIT2;FASTMM;USE_JEDI_JCL;$(DCC_Define)</DCC_Define>
			<DCC_DcuOutput>_dcu</DCC_DcuOutput>
			<DCC_UnitSearchPath>$(tiOPF3_3rdParty)\FastMM;..\BOM;..\..\..\UnitTests\Common;..\..\..\Core;..\..\..\Options;..\..\..\GUI;$(tiOPF3_3rdParty)\DUnit;$(tiOPF3_3rdParty)\JCL\include;$(tiOPF3_3rdParty)\JCL\common;$(tiOPF3_3rdParty)\JCL\windows;$(tiOPF3_3rdParty)\JCL\include\jedi;$(DCC_UnitSearchPath)</DCC_UnitSearchPath>
			<DCC_DependencyCheckOutputName>_bin\DUnitAdrsBookGUI.exe</DCC_DependencyCheckOutputName>
		</PropertyGroup>
		<PropertyGroup Condition="'$(Base_Win32)'!=''">
			<VerInfo_IncludeVerInfo>true</VerInfo_IncludeVerInfo>
			<DCC_Namespace>Winapi;System.Win;Data.Win;Datasnap.Win;Web.Win;Soap.Win;Xml.Win;Bde;$(DCC_Namespace)</DCC_Namespace>
			<VerInfo_Keys>CompanyName=;FileDescription=;FileVersion=1.0.0.0;InternalName=;LegalCopyright=;LegalTrademarks=;OriginalFilename=;ProductName=;ProductVersion=1.0.0.0;Comments=</VerInfo_Keys>
			<VerInfo_Locale>1033</VerInfo_Locale>
			<Manifest_File>$(BDS)\bin\default_app.manifest</Manifest_File>
		</PropertyGroup>
		<PropertyGroup Condition="'$(Cfg_1)'!=''">
			<Version>7.0</Version>
			<DCC_DebugInformation>False</DCC_DebugInformation>
			<DCC_LocalDebugSymbols>False</DCC_LocalDebugSymbols>
			<DCC_SymbolReferenceInfo>0</DCC_SymbolReferenceInfo>
			<DCC_ObjOutput>_Dcu</DCC_ObjOutput>
			<DCC_HppOutput>_Dcu</DCC_HppOutput>
			<DCC_ResourcePath>..\..\..\..\tiOPF3\Trunk\Core;..\..\..\..\tiOPF3\Trunk\Options;..\..\..\..\tiOPF3\Trunk\GUI;..\..\..\..\tiOPF3\Trunk\3rdParty\DUnit;..\..\..\..\tiOPF3\Trunk\3rdParty\JCL\Common;..\..\..\..\tiOPF3\Trunk\3rdParty\JCL\Windows;..\BOM;$(DCC_ResourcePath)</DCC_ResourcePath>
			<DCC_ObjPath>..\..\..\..\tiOPF3\Trunk\Core;..\..\..\..\tiOPF3\Trunk\Options;..\..\..\..\tiOPF3\Trunk\GUI;..\..\..\..\tiOPF3\Trunk\3rdParty\DUnit;..\..\..\..\tiOPF3\Trunk\3rdParty\JCL\Common;..\..\..\..\tiOPF3\Trunk\3rdParty\JCL\Windows;..\BOM;$(DCC_ObjPath)</DCC_ObjPath>
			<DCC_IncludePath>..\..\..\..\tiOPF3\Trunk\Core;..\..\..\..\tiOPF3\Trunk\Options;..\..\..\..\tiOPF3\Trunk\GUI;..\..\..\..\tiOPF3\Trunk\3rdParty\DUnit;..\..\..\..\tiOPF3\Trunk\3rdParty\JCL\Common;..\..\..\..\tiOPF3\Trunk\3rdParty\JCL\Windows;..\BOM;$(DCC_IncludePath)</DCC_IncludePath>
			<DCC_SYMBOL_DEPRECATED>False</DCC_SYMBOL_DEPRECATED>
			<DCC_SYMBOL_LIBRARY>False</DCC_SYMBOL_LIBRARY>
			<DCC_SYMBOL_PLATFORM>False</DCC_SYMBOL_PLATFORM>
			<DCC_UNIT_LIBRARY>False</DCC_UNIT_LIBRARY>
			<DCC_UNIT_PLATFORM>False</DCC_UNIT_PLATFORM>
			<DCC_UNIT_DEPRECATED>False</DCC_UNIT_DEPRECATED>
		</PropertyGroup>
		<PropertyGroup Condition="'$(Cfg_2)'!=''">
			<Version>7.0</Version>
			<DCC_ObjOutput>_Dcu</DCC_ObjOutput>
			<DCC_HppOutput>_Dcu</DCC_HppOutput>
			<DCC_ResourcePath>..\BOM;..\..\..\UnitTests\Common;..\..\..\3rdParty\FastMM;..\..\..\Core;..\..\..\Options;..\..\..\GUI;..\..\..\3rdParty\DUnit;..\..\..\3rdParty\JCL\common;..\..\..\3rdParty\JCL\windows;$(DCC_ResourcePath)</DCC_ResourcePath>
			<DCC_ObjPath>..\BOM;..\..\..\UnitTests\Common;..\..\..\3rdParty\FastMM;..\..\..\Core;..\..\..\Options;..\..\..\GUI;..\..\..\3rdParty\DUnit;..\..\..\3rdParty\JCL\common;..\..\..\3rdParty\JCL\windows;$(DCC_ObjPath)</DCC_ObjPath>
			<DCC_IncludePath>..\BOM;..\..\..\UnitTests\Common;..\..\..\3rdParty\FastMM;..\..\..\Core;..\..\..\Options;..\..\..\GUI;..\..\..\3rdParty\DUnit;..\..\..\3rdParty\JCL\common;..\..\..\3rdParty\JCL\windows;$(DCC_IncludePath)</DCC_IncludePath>
			<DCC_SYMBOL_DEPRECATED>False</DCC_SYMBOL_DEPRECATED>
			<DCC_SYMBOL_LIBRARY>False</DCC_SYMBOL_LIBRARY>
			<DCC_SYMBOL_PLATFORM>False</DCC_SYMBOL_PLATFORM>
			<DCC_UNIT_LIBRARY>False</DCC_UNIT_LIBRARY>
			<DCC_UNIT_PLATFORM>False</DCC_UNIT_PLATFORM>
			<DCC_UNIT_DEPRECATED>False</DCC_UNIT_DEPRECATED>
			<DCC_MapFile>3</DCC_MapFile>
		</PropertyGroup>
		<PropertyGroup Condition="'$(Cfg_2_Win32)'!=''">
			<Manifest_File>$(BDS)\bin\default_app.manifest</Manifest_File>
			<VerInfo_Keys>CompanyName=;FileDescription=;FileVersion=1.0.0.0;InternalName=;LegalCopyright=;LegalTrademarks=;OriginalFilename=;ProductName=;ProductVersion=1.0.0.0;Comments=</VerInfo_Keys>
		</PropertyGroup>
		<ProjectExtensions>
			<Borland.Personality>Delphi.Personality.12</Borland.Personality>
			<Borland.ProjectType>VCLApplication</Borland.ProjectType>
			<BorlandProject>
				<Delphi.Personality>
					<Parameters>
						<Parameters Name="UseLauncher">False</Parameters>
						<Parameters Name="LoadAllSymbols">True</Parameters>
						<Parameters Name="LoadUnspecifiedSymbols">False</Parameters>
					</Parameters>
					<VersionInfo>
						<VersionInfo Name="IncludeVerInfo">True</VersionInfo>
						<VersionInfo Name="AutoIncBuild">False</VersionInfo>
						<VersionInfo Name="MajorVer">0</VersionInfo>
						<VersionInfo Name="MinorVer">0</VersionInfo>
						<VersionInfo Name="Release">0</VersionInfo>
						<VersionInfo Name="Build">0</VersionInfo>
						<VersionInfo Name="Debug">False</VersionInfo>
						<VersionInfo Name="PreRelease">False</VersionInfo>
						<VersionInfo Name="Special">False</VersionInfo>
						<VersionInfo Name="Private">False</VersionInfo>
						<VersionInfo Name="DLL">False</VersionInfo>
						<VersionInfo Name="Locale">1033</VersionInfo>
						<VersionInfo Name="CodePage">1252</VersionInfo>
					</VersionInfo>
					<VersionInfoKeys>
						<VersionInfoKeys Name="CompanyName"/>
						<VersionInfoKeys Name="FileDescription"/>
						<VersionInfoKeys Name="FileVersion">0.0.0.0</VersionInfoKeys>
						<VersionInfoKeys Name="InternalName"/>
						<VersionInfoKeys Name="LegalCopyright"/>
						<VersionInfoKeys Name="LegalTrademarks"/>
						<VersionInfoKeys Name="OriginalFilename"/>
						<VersionInfoKeys Name="ProductName"/>
						<VersionInfoKeys Name="ProductVersion">1.0.0.0</VersionInfoKeys>
					</VersionInfoKeys>
					<Excluded_Packages>
						<Excluded_Packages Name="$(BDSBIN)\dcloffice2k160.bpl">Microsoft Office 2000 Sample Automation Server Wrapper Components</Excluded_Packages>
						<Excluded_Packages Name="$(BDSBIN)\dclofficexp160.bpl">Microsoft Office XP Sample Automation Server Wrapper Components</Excluded_Packages>
					</Excluded_Packages>
					<Source>
						<Source Name="MainSource">DUnitAdrsBookGUI.dpr</Source>
					</Source>
				</Delphi.Personality>
				<Platforms>
					<Platform value="Win64">False</Platform>
					<Platform value="Win32">True</Platform>
				</Platforms>
			</BorlandProject>
			<ProjectFileVersion>12</ProjectFileVersion>
		</ProjectExtensions>
		<ItemGroup>
			<DelphiCompile Include="$(MainSource)">
				<MainSource>MainSource</MainSource>
			</DelphiCompile>
			<DCCReference Include="DUnitAdrsBookDependencies.pas"/>
			<BuildConfiguration Include="Debug">
				<Key>Cfg_2</Key>
				<CfgParent>Base</CfgParent>
			</BuildConfiguration>
			<BuildConfiguration Include="Base">
				<Key>Base</Key>
			</BuildConfiguration>
			<BuildConfiguration Include="Release">
				<Key>Cfg_1</Key>
				<CfgParent>Base</CfgParent>
			</BuildConfiguration>
		</ItemGroup>
		<Import Condition="Exists('$(BDS)\Bin\CodeGear.Delphi.Targets')" Project="$(BDS)\Bin\CodeGear.Delphi.Targets"/>
		<Import Condition="Exists('$(APPDATA)\Embarcadero\$(BDSAPPDATABASEDIR)\$(PRODUCTVERSION)\UserTools.proj')" Project="$(APPDATA)\Embarcadero\$(BDSAPPDATABASEDIR)\$(PRODUCTVERSION)\UserTools.proj"/>
	</Project>
