<?xml version="1.0" encoding="utf-8"?>
<Project xmlns="http://schemas.microsoft.com/developer/msbuild/2003">
  <PropertyGroup>
    <ProjectGuid>{d9255806-549b-490e-b4ef-81ea43c76498}</ProjectGuid>
    <MainSource>tiOPFCore.dpk</MainSource>
    <Configuration Condition=" '$(Configuration)' == '' ">Debug</Configuration>
    <Platform Condition=" '$(Platform)' == '' ">AnyCPU</Platform>
    <DCC_DCCCompiler>DCC32</DCC_DCCCompiler>
    <DCC_DependencyCheckOutputName>C:\Documents and Settings\All Users\Documents\RAD Studio\5.0\Bpl\tiOPFCore2007.bpl</DCC_DependencyCheckOutputName>
  </PropertyGroup>
  <PropertyGroup Condition=" '$(Configuration)|$(Platform)' == 'Release|AnyCPU' ">
    <Version>7.0</Version>
    <DCC_Alignment>1</DCC_Alignment>
    <DCC_DebugInformation>False</DCC_DebugInformation>
    <DCC_ImportedDataReferences>False</DCC_ImportedDataReferences>
    <DCC_WriteableConstants>True</DCC_WriteableConstants>
    <DCC_LocalDebugSymbols>False</DCC_LocalDebugSymbols>
    <DCC_SymbolReferenceInfo>0</DCC_SymbolReferenceInfo>
    <DCC_DcuOutput>.\_Dcu</DCC_DcuOutput>
    <DCC_ObjOutput>.\_Dcu</DCC_ObjOutput>
    <DCC_HppOutput>.\_Dcu</DCC_HppOutput>
    <DCC_UnitSearchPath>..\..\Core</DCC_UnitSearchPath>
    <DCC_ResourcePath>..\..\Core</DCC_ResourcePath>
    <DCC_ObjPath>..\..\Core</DCC_ObjPath>
    <DCC_IncludePath>..\..\Core</DCC_IncludePath>
    <DCC_Define>RELEASE</DCC_Define>
    <DCC_UNSAFE_TYPE>True</DCC_UNSAFE_TYPE>
    <DCC_UNSAFE_CODE>True</DCC_UNSAFE_CODE>
    <DCC_UNSAFE_CAST>True</DCC_UNSAFE_CAST>
  </PropertyGroup>
  <PropertyGroup Condition=" '$(Configuration)|$(Platform)' == 'Debug|AnyCPU' ">
    <Version>7.0</Version>
    <DCC_Alignment>1</DCC_Alignment>
    <DCC_ImportedDataReferences>False</DCC_ImportedDataReferences>
    <DCC_WriteableConstants>True</DCC_WriteableConstants>
    <DCC_DcuOutput>.\_Dcu</DCC_DcuOutput>
    <DCC_ObjOutput>.\_Dcu</DCC_ObjOutput>
    <DCC_HppOutput>.\_Dcu</DCC_HppOutput>
    <DCC_UnitSearchPath>..\..\Core</DCC_UnitSearchPath>
    <DCC_ResourcePath>..\..\Core</DCC_ResourcePath>
    <DCC_ObjPath>..\..\Core</DCC_ObjPath>
    <DCC_IncludePath>..\..\Core</DCC_IncludePath>
    <DCC_UNSAFE_TYPE>True</DCC_UNSAFE_TYPE>
    <DCC_UNSAFE_CODE>True</DCC_UNSAFE_CODE>
    <DCC_UNSAFE_CAST>True</DCC_UNSAFE_CAST>
  </PropertyGroup>
  <ProjectExtensions>
    <Borland.Personality>Delphi.Personality</Borland.Personality>
    <Borland.ProjectType>Package</Borland.ProjectType>
    <BorlandProject>
<BorlandProject><Delphi.Personality><Parameters><Parameters Name="UseLauncher">False</Parameters><Parameters Name="LoadAllSymbols">True</Parameters><Parameters Name="LoadUnspecifiedSymbols">False</Parameters></Parameters><Package_Options><Package_Options Name="ImplicitBuild">False</Package_Options><Package_Options Name="DesigntimeOnly">False</Package_Options><Package_Options Name="RuntimeOnly">True</Package_Options><Package_Options Name="LibSuffix">2007</Package_Options></Package_Options><VersionInfo><VersionInfo Name="IncludeVerInfo">True</VersionInfo><VersionInfo Name="AutoIncBuild">False</VersionInfo><VersionInfo Name="MajorVer">1</VersionInfo><VersionInfo Name="MinorVer">0</VersionInfo><VersionInfo Name="Release">0</VersionInfo><VersionInfo Name="Build">0</VersionInfo><VersionInfo Name="Debug">False</VersionInfo><VersionInfo Name="PreRelease">False</VersionInfo><VersionInfo Name="Special">False</VersionInfo><VersionInfo Name="Private">False</VersionInfo><VersionInfo Name="DLL">False</VersionInfo><VersionInfo Name="Locale">3081</VersionInfo><VersionInfo Name="CodePage">1252</VersionInfo></VersionInfo><VersionInfoKeys><VersionInfoKeys Name="CompanyName"></VersionInfoKeys><VersionInfoKeys Name="FileDescription"></VersionInfoKeys><VersionInfoKeys Name="FileVersion">1.0.0.0</VersionInfoKeys><VersionInfoKeys Name="InternalName"></VersionInfoKeys><VersionInfoKeys Name="LegalCopyright"></VersionInfoKeys><VersionInfoKeys Name="LegalTrademarks"></VersionInfoKeys><VersionInfoKeys Name="OriginalFilename"></VersionInfoKeys><VersionInfoKeys Name="ProductName"></VersionInfoKeys><VersionInfoKeys Name="ProductVersion">1.0.0.0</VersionInfoKeys><VersionInfoKeys Name="Comments"></VersionInfoKeys></VersionInfoKeys><Excluded_Packages>
      <Excluded_Packages Name="$(BDS)\bin\dcldbxcds4100.bpl">CodeGear SimpleDataset Component (DBX)</Excluded_Packages>
      <Excluded_Packages Name="$(BDS)\bin\dcldbx4100.bpl">CodeGear dbExpress Components</Excluded_Packages>
      <Excluded_Packages Name="$(BDS)\bin\dclmid100.bpl">CodeGear MyBase DataAccess Components</Excluded_Packages>
      <Excluded_Packages Name="$(BDS)\bin\dclmcn100.bpl">CodeGear DataSnap Connection Components</Excluded_Packages>
      <Excluded_Packages Name="$(BDS)\Bin\dclIndyCore100.bpl">Indy 10 Core Design Time</Excluded_Packages>
      <Excluded_Packages Name="$(BDS)\Bin\dclIndyProtocols100.bpl">Indy 10 Protocols Design Time</Excluded_Packages>
      <Excluded_Packages Name="$(BDS)\Bin\dclintraweb_90_100.bpl">VCL for the Web Design Package for CodeGear RAD Studio</Excluded_Packages>
      <Excluded_Packages Name="$(BDS)\bin\dclie100.bpl">Internet Explorer Components</Excluded_Packages>
      <Excluded_Packages Name="$(BDS)\bin\dclwebsnap100.bpl">CodeGear WebSnap Components</Excluded_Packages>
      <Excluded_Packages Name="$(BDS)\bin\dclwbm100.bpl">CodeGear InternetExpress Components</Excluded_Packages>
      <Excluded_Packages Name="$(BDS)\bin\dclnet100.bpl">CodeGear Internet Components</Excluded_Packages>
      <Excluded_Packages Name="$(BDS)\bin\dclsoap100.bpl">CodeGear SOAP Components</Excluded_Packages>
      <Excluded_Packages Name="$(BDS)\bin\dclofficexp100.bpl">Microsoft Office XP Sample Automation Server Wrapper Components</Excluded_Packages>
      <Excluded_Packages Name="$(BDS)\bin\dcloffice2k100.bpl">Microsoft Office 2000 Sample Automation Server Wrapper Components</Excluded_Packages>
    </Excluded_Packages><Source><Source Name="MainSource">tiOPFCore.dpk</Source></Source></Delphi.Personality></BorlandProject></BorlandProject>
  </ProjectExtensions>
  <Import Project="$(MSBuildBinPath)\Borland.Delphi.Targets" />
  <ItemGroup>
    <DelphiCompile Include="tiOPFCore.dpk">
      <MainSource>MainSource</MainSource>
    </DelphiCompile>
    <DCCReference Include="..\..\Core\rtl.dcp" />
    <DCCReference Include="..\..\Core\tiAutoMap.pas" />
    <DCCReference Include="..\..\Core\tiBaseObject.pas" />
    <DCCReference Include="..\..\Core\tiCommandLineParams.pas" />
    <DCCReference Include="..\..\Core\tiCompress.pas" />
    <DCCReference Include="..\..\Core\tiConstants.pas" />
    <DCCReference Include="..\..\Core\tiCriteria.pas" />
    <DCCReference Include="..\..\Core\tiDBConnectionPool.pas" />
    <DCCReference Include="..\..\Core\tiEncrypt.pas" />
    <DCCReference Include="..\..\Core\tiExcept.pas" />
    <DCCReference Include="..\..\Core\tiINI.pas" />
    <DCCReference Include="..\..\Core\tiLog.pas" />
    <DCCReference Include="..\..\Core\tiLogToFile.pas" />
    <DCCReference Include="..\..\Core\tiObject.pas" />
    <DCCReference Include="..\..\Core\tiOID.pas" />
    <DCCReference Include="..\..\Core\tiOPFManager.pas" />
    <DCCReference Include="..\..\Core\tiPersistenceLayers.pas" />
    <DCCReference Include="..\..\Core\tiPool.pas" />
    <DCCReference Include="..\..\Core\tiQuery.pas" />
    <DCCReference Include="..\..\Core\tiRTTI.pas" />
    <DCCReference Include="..\..\Core\tiStreams.pas" />
    <DCCReference Include="..\..\Core\tiSyncObjs.pas" />
    <DCCReference Include="..\..\Core\tiThread.pas" />
    <DCCReference Include="..\..\Core\tiTokenLibrary.pas" />
    <DCCReference Include="..\..\Core\tiUtils.pas" />
    <DCCReference Include="..\..\Core\tiVisitor.pas" />
    <DCCReference Include="..\..\Core\tiVisitorCriteria.pas" />
    <DCCReference Include="..\..\Core\tiVisitorDB.pas" />
    <DCCReference Include="..\..\Core\tiVisitorDBAutoGen.pas" />
    <DCCReference Include="..\..\Core\tiWin32.pas" />
    <DCCReference Include="..\..\Core\vcl.dcp" />
  </ItemGroup>
</Project>