<?xml version="1.0"?>
<CONFIG>
  <ProjectOptions>
    <Version Value="9"/>
    <General>
      <Flags>
        <MainUnitHasCreateFormStatements Value="False"/>
        <MainUnitHasTitleStatement Value="False"/>
      </Flags>
      <SessionStorage Value="InProjectDir"/>
      <MainUnit Value="0"/>
      <UseAppBundle Value="False"/>
      <ResourceType Value="res"/>
    </General>
    <i18n>
      <EnableI18N LFM="False"/>
    </i18n>
    <VersionInfo>
      <StringTable ProductVersion=""/>
    </VersionInfo>
    <MacroValues Count="4">
      <Macro1 Name="fpgui" Value="/data/devel/fpgui/"/>
      <Macro2 Name="tiopf" Value="/data/devel/tiopf/"/>
      <Macro3 Name="fblib" Value="/data/devel/opensource/FBLib/"/>
      <Macro4 Name="fptest" Value="/data/devel/fptest/"/>
    </MacroValues>
    <BuildModes Count="1">
      <Item1 Name="Default" Default="True"/>
    </BuildModes>
    <PublishOptions>
      <Version Value="2"/>
      <IncludeFileFilter Value="*.(pas|pp|inc|lfm|lpr|lrs|lpi|lpk|sh|xml)"/>
      <ExcludeFileFilter Value="*.(bak|ppu|o|so);*~;backup"/>
    </PublishOptions>
    <RunParams>
      <local>
        <FormatVersion Value="1"/>
        <LaunchingApplication PathPlusParams="/usr/bin/xterm -T 'Lazarus Run Output' -e $(LazarusDir)/tools/runwait.sh $(TargetCmdLine)"/>
      </local>
    </RunParams>
    <Units Count="3">
      <Unit0>
        <Filename Value="tiOPFUnitTestsFPGui.lpr"/>
        <IsPartOfProject Value="True"/>
        <UnitName Value="tiOPFUnitTestsFPGui"/>
      </Unit0>
      <Unit1>
        <Filename Value="../../UnitTests/Common/tiTestDependencies.pas"/>
        <IsPartOfProject Value="True"/>
        <UnitName Value="tiTestDependencies"/>
      </Unit1>
      <Unit2>
        <Filename Value="../../UnitTests/Common/tiDUnitINI.pas"/>
        <IsPartOfProject Value="True"/>
        <UnitName Value="tiDUnitINI"/>
      </Unit2>
    </Units>
  </ProjectOptions>
  <CompilerOptions>
    <Version Value="11"/>
    <Target>
      <Filename Value="tiOPFUnitTestsFPGui"/>
    </Target>
    <SearchPaths>
      <IncludeFiles Value="$(tiopf)Core;$(fpgui)src/corelib/x11;$(fblib);$(ProjOutDir);$(fpgui)src"/>
      <OtherUnitFiles Value="$(tiopf)UnitTests/Common;$(tiopf)UnitTests/Tests;$(tiopf)Core;$(tiopf)Options;$(tiopf)GUI/fpGUI;$(fpgui)src;$(fpgui)src/corelib;$(fpgui)src/corelib/x11;$(fpgui)src/gui;$(fpgui)src/reportengine;$(fptest)src;$(fptest)src/fpGUI;$(fptest)3rdparty/epiktimer;$(fblib)"/>
      <UnitOutputDirectory Value="units/$(TargetCPU)-$(TargetOS)"/>
    </SearchPaths>
    <BuildMacros>
      <Count Value="4"/>
      <Item1>
        <Identifier Value="fpgui"/>
      </Item1>
      <Item2>
        <Identifier Value="tiopf"/>
      </Item2>
      <Item3>
        <Identifier Value="fblib"/>
      </Item3>
      <Item4>
        <Identifier Value="fptest"/>
      </Item4>
    </BuildMacros>
    <CodeGeneration>
      <Optimizations>
        <OptimizationLevel Value="2"/>
      </Optimizations>
    </CodeGeneration>
    <Other>
      <CompilerMessages>
        <UseMsgFile Value="True"/>
      </CompilerMessages>
      <CustomOptions Value="-dDUNIT2
-dLINK_CSV
-dLINK_TAB
-dLINK_XMLLight
-dLINK_SQLDB_IB
-dLINK_SQLDB_PQx
-dLINK_SQLDB_Oraclex
-dLINK_SQLDB_SQLite3x
-dLINK_SQLDB_ODBCx
-dLINK_SQLDB_MySQL40x
-dLINK_SQLDB_MySQL41x
-dLINK_SQLDB_MySQL50x
-dLINK_ZEOS_FBx
-dLINK_FBLx
-dUseCThreads"/>
      <CompilerPath Value="$(CompPath)"/>
    </Other>
  </CompilerOptions>
  <Debugging>
    <Exceptions Count="4">
      <Item1>
        <Name Value="EAbort"/>
      </Item1>
      <Item2>
        <Name Value="ECodetoolError"/>
      </Item2>
      <Item3>
        <Name Value="EFOpenError"/>
      </Item3>
      <Item4>
        <Name Value="ETestFailure"/>
      </Item4>
    </Exceptions>
  </Debugging>
</CONFIG>
