	<Project xmlns="http://schemas.microsoft.com/developer/msbuild/2003">
		<PropertyGroup>
			<ProjectGuid>{e789320b-d566-4b89-9767-10c75c95d781}</ProjectGuid>
			<MainSource>tiOPFOptions.dpk</MainSource>
			<Configuration Condition=" '$(Configuration)' == '' ">Debug</Configuration>
			<Platform Condition=" '$(Platform)' == '' ">AnyCPU</Platform>
			<DCC_DCCCompiler>DCC32</DCC_DCCCompiler>
			<DCC_DependencyCheckOutputName>C:\Documents and Settings\All Users\Documents\RAD Studio\5.0\Bpl\tiOPFOptions2007.bpl</DCC_DependencyCheckOutputName>
			<ProjectVersion>12.0</ProjectVersion>
			<Config Condition="'$(Config)'==''">Debug</Config>
		</PropertyGroup>
		<PropertyGroup Condition="'$(Config)'=='Base' or '$(Base)'!=''">
			<Base>true</Base>
		</PropertyGroup>
		<PropertyGroup Condition="'$(Config)'=='Release' or '$(Cfg_1)'!=''">
			<Cfg_1>true</Cfg_1>
			<CfgParent>Base</CfgParent>
			<Base>true</Base>
		</PropertyGroup>
		<PropertyGroup Condition="'$(Config)'=='Debug' or '$(Cfg_2)'!=''">
			<Cfg_2>true</Cfg_2>
			<CfgParent>Base</CfgParent>
			<Base>true</Base>
		</PropertyGroup>
		<PropertyGroup Condition="'$(Base)'!=''">
			<DCC_UNSAFE_TYPE>true</DCC_UNSAFE_TYPE>
			<DCC_UNSAFE_CAST>true</DCC_UNSAFE_CAST>
			<DCC_CVT_WIDENING_STRING_LOST>true</DCC_CVT_WIDENING_STRING_LOST>
			<DCC_UNSAFE_CODE>true</DCC_UNSAFE_CODE>
			<DCC_EXPLICIT_STRING_CAST_LOSS>true</DCC_EXPLICIT_STRING_CAST_LOSS>
			<DCC_CVT_ACHAR_TO_WCHAR>true</DCC_CVT_ACHAR_TO_WCHAR>
			<DCC_EXPLICIT_STRING_CAST>true</DCC_EXPLICIT_STRING_CAST>
			<DCC_DcuOutput>.\_Dcu</DCC_DcuOutput>
			<DCC_UnitAlias>WinTypes=Windows;WinProcs=Windows;DbiTypes=BDE;DbiProcs=BDE;DbiErrs=BDE;$(DCC_UnitAlias)</DCC_UnitAlias>
			<DCC_ImageBase>00400000</DCC_ImageBase>
			<DesignOnlyPackage>false</DesignOnlyPackage>
			<RuntimeOnlyPackage>true</RuntimeOnlyPackage>
			<DCC_DependencyCheckOutputName>C:\Documents and Settings\All Users\Documents\RAD Studio\7.0\Bpl\tiOPFOptions2010.bpl</DCC_DependencyCheckOutputName>
			<DCC_OutputNeverBuildDcps>true</DCC_OutputNeverBuildDcps>
			<GenDll>true</GenDll>
			<DllSuffix>2010</DllSuffix>
			<GenPackage>true</GenPackage>
		</PropertyGroup>
		<PropertyGroup Condition="'$(Cfg_1)'!=''">
			<Version>7.0</Version>
			<DCC_DebugInformation>False</DCC_DebugInformation>
			<DCC_LocalDebugSymbols>False</DCC_LocalDebugSymbols>
			<DCC_SymbolReferenceInfo>0</DCC_SymbolReferenceInfo>
			<DCC_DcuOutput>.\_Dcu</DCC_DcuOutput>
			<DCC_ObjOutput>.\_Dcu</DCC_ObjOutput>
			<DCC_HppOutput>.\_Dcu</DCC_HppOutput>
			<DCC_UnitSearchPath>..\..\Core;..\..\Options</DCC_UnitSearchPath>
			<DCC_ResourcePath>..\..\Core;..\..\Options</DCC_ResourcePath>
			<DCC_ObjPath>..\..\Core;..\..\Options</DCC_ObjPath>
			<DCC_IncludePath>..\..\Core;..\..\Options</DCC_IncludePath>
			<DCC_Define>RELEASE</DCC_Define>
		</PropertyGroup>
		<PropertyGroup Condition="'$(Cfg_2)'!=''">
			<Version>7.0</Version>
			<DCC_DcuOutput>.\_Dcu</DCC_DcuOutput>
			<DCC_ObjOutput>.\_Dcu</DCC_ObjOutput>
			<DCC_HppOutput>.\_Dcu</DCC_HppOutput>
			<DCC_UnitSearchPath>..\..\Core;..\..\Options</DCC_UnitSearchPath>
			<DCC_ResourcePath>..\..\Core;..\..\Options</DCC_ResourcePath>
			<DCC_ObjPath>..\..\Core;..\..\Options</DCC_ObjPath>
			<DCC_IncludePath>..\..\Core;..\..\Options</DCC_IncludePath>
		</PropertyGroup>
		<ItemGroup>
			<DelphiCompile Include="tiOPFOptions.dpk">
				<MainSource>MainSource</MainSource>
			</DelphiCompile>
			<DCCReference Include="vcl.dcp"/>
			<DCCReference Include="rtl.dcp"/>
			<DCCReference Include="dbrtl.dcp"/>
			<DCCReference Include="bdertl.dcp"/>
			<DCCReference Include="tiOPFCore.dcp"/>
			<DCCReference Include="..\..\Options\ADOX_TLB.pas"/>
			<DCCReference Include="..\..\Options\tiCompressNone.pas"/>
			<DCCReference Include="..\..\Options\tiCompressZLib.pas"/>
			<DCCReference Include="..\..\Options\tiConsoleApp.pas"/>
			<DCCReference Include="..\..\Options\tiCRC32.pas"/>
			<DCCReference Include="..\..\Options\tiDataBuffer_BOM.pas"/>
			<DCCReference Include="..\..\Options\tiDataBuffer_Cli.pas"/>
			<DCCReference Include="..\..\Options\tiEncryptBlockCipher.pas"/>
			<DCCReference Include="..\..\Options\tiEncryptBlowfish.pas"/>
			<DCCReference Include="..\..\Options\tiEncryptDES.pas"/>
			<DCCReference Include="..\..\Options\tiEncryptNone.pas"/>
			<DCCReference Include="..\..\Options\tiEncryptSimple.pas"/>
			<DCCReference Include="..\..\Options\tiLogToConsole.pas"/>
			<DCCReference Include="..\..\Options\tiMadExcept.pas"/>
			<DCCReference Include="..\..\Options\tiOIDHex.pas"/>
			<DCCReference Include="..\..\Options\tiOIDInt64.pas"/>
			<DCCReference Include="..\..\Options\tiOIDInteger.pas"/>
			<DCCReference Include="..\..\Options\tiOIDString.pas"/>
			<DCCReference Include="..\..\Options\tiQueryBDEAbs.pas"/>
			<DCCReference Include="..\..\Options\tiQueryBDEParadox.pas"/>
			<DCCReference Include="..\..\Options\tiQueryCSV.pas"/>
			<DCCReference Include="..\..\Options\tiQueryTAB.pas"/>
			<DCCReference Include="..\..\Options\tiQueryTXTAbs.pas"/>
			<DCCReference Include="..\..\Options\tiQueryXML.pas"/>
			<DCCReference Include="..\..\Options\tiQueryXMLLight.pas"/>
			<DCCReference Include="..\..\Options\tiTextParser.pas"/>
			<DCCReference Include="..\..\Options\tiStructuredCSVReader.pas"/>
			<DCCReference Include="..\..\Options\tiStructuredCSVWriter.pas"/>
			<DCCReference Include="..\..\Options\tiXML.pas"/>
			<DCCReference Include="..\..\Options\tiXMLToTIDataset.pas"/>
			<DCCReference Include="..\..\Options\tiSingleInstanceApp.pas"/>
			<DCCReference Include="..\..\Options\tiQueue.pas"/>
			<DCCReference Include="..\..\Options\tiRegistry.pas"/>
			<DCCReference Include="..\..\Options\tiQueryDataset.pas"/>
			<DCCReference Include="..\..\Options\tiDataset.pas"/>
			<DCCReference Include="..\..\Options\tiGenericBase.pas"/>
			<DCCReference Include="..\..\Options\tiGenericFilteredObjectList.pas"/>
			<DCCReference Include="..\..\Options\tiGenericFilteredThreadList.pas"/>
			<DCCReference Include="..\..\Options\tiGenericList.pas"/>
			<DCCReference Include="..\..\Options\tiGenericThreadList.pas"/>
			<DCCReference Include="..\..\Options\tiLogToEventHandler.pas"/>
			<DCCReference Include="..\..\Options\tiMIMEMultipartFormDataDecoder.pas"/>
			<BuildConfiguration Include="Base">
				<Key>Base</Key>
			</BuildConfiguration>
			<BuildConfiguration Include="Debug">
				<Key>Cfg_2</Key>
				<CfgParent>Base</CfgParent>
			</BuildConfiguration>
			<BuildConfiguration Include="Release">
				<Key>Cfg_1</Key>
				<CfgParent>Base</CfgParent>
			</BuildConfiguration>
		</ItemGroup>
		<Import Project="$(BDS)\Bin\CodeGear.Delphi.Targets" Condition="Exists('$(BDS)\Bin\CodeGear.Delphi.Targets')"/>
		<ProjectExtensions>
			<Borland.Personality>Delphi.Personality.12</Borland.Personality>
			<Borland.ProjectType>Package</Borland.ProjectType>
			<BorlandProject>
				<Delphi.Personality>
					<Parameters>
						<Parameters Name="UseLauncher">False</Parameters>
						<Parameters Name="LoadAllSymbols">True</Parameters>
						<Parameters Name="LoadUnspecifiedSymbols">False</Parameters>
					</Parameters>
					<VersionInfo>
						<VersionInfo Name="IncludeVerInfo">True</VersionInfo>
						<VersionInfo Name="AutoIncBuild">False</VersionInfo>
						<VersionInfo Name="MajorVer">1</VersionInfo>
						<VersionInfo Name="MinorVer">0</VersionInfo>
						<VersionInfo Name="Release">0</VersionInfo>
						<VersionInfo Name="Build">0</VersionInfo>
						<VersionInfo Name="Debug">False</VersionInfo>
						<VersionInfo Name="PreRelease">False</VersionInfo>
						<VersionInfo Name="Special">False</VersionInfo>
						<VersionInfo Name="Private">False</VersionInfo>
						<VersionInfo Name="DLL">False</VersionInfo>
						<VersionInfo Name="Locale">3081</VersionInfo>
						<VersionInfo Name="CodePage">1252</VersionInfo>
					</VersionInfo>
					<VersionInfoKeys>
						<VersionInfoKeys Name="CompanyName"/>
						<VersionInfoKeys Name="FileDescription"/>
						<VersionInfoKeys Name="FileVersion">1.0.0.0</VersionInfoKeys>
						<VersionInfoKeys Name="InternalName"/>
						<VersionInfoKeys Name="LegalCopyright"/>
						<VersionInfoKeys Name="LegalTrademarks"/>
						<VersionInfoKeys Name="OriginalFilename"/>
						<VersionInfoKeys Name="ProductName"/>
						<VersionInfoKeys Name="ProductVersion">1.0.0.0</VersionInfoKeys>
						<VersionInfoKeys Name="Comments"/>
					</VersionInfoKeys>
					<Source>
						<Source Name="MainSource">tiOPFOptions.dpk</Source>
					</Source>
					<Excluded_Packages>
						<Excluded_Packages Name="$(BDS)\bin\bcboffice2k140.bpl">Embarcadero C++Builder Office 2000 Servers Package</Excluded_Packages>
						<Excluded_Packages Name="$(BDS)\bin\bcbofficexp140.bpl">Embarcadero C++Builder Office XP Servers Package</Excluded_Packages>
						<Excluded_Packages Name="$(BDS)\bin\dcloffice2k140.bpl">Microsoft Office 2000 Sample Automation Server Wrapper Components</Excluded_Packages>
						<Excluded_Packages Name="$(BDS)\bin\dclofficexp140.bpl">Microsoft Office XP Sample Automation Server Wrapper Components</Excluded_Packages>
					</Excluded_Packages>
				</Delphi.Personality>
			</BorlandProject>
			<ProjectFileVersion>12</ProjectFileVersion>
		</ProjectExtensions>
	</Project>
